// !$*UTF8*$!
{
	archiveVersion = 1;
	classes = {
	};
	objectVersion = 51;
	objects = {

/* Begin PBXBuildFile section */
		14861D9AA1B250E7454CCA19 /* Pods_Reward.framework in Frameworks */ = {isa = PBXBuildFile; fileRef = 40F7784DBDEE096F3794609E /* Pods_Reward.framework */; };
		1F1055BA2633FC9A002F8C54 /* TabBarController.swift in Sources */ = {isa = PBXBuildFile; fileRef = 1F1055B92633FC99002F8C54 /* TabBarController.swift */; };
		1F1055BE263433AE002F8C54 /* AppSettings.swift in Sources */ = {isa = PBXBuildFile; fileRef = 1F1055BD263433AC002F8C54 /* AppSettings.swift */; };
		1F1055C22634342B002F8C54 /* UITabBar+Extension.swift in Sources */ = {isa = PBXBuildFile; fileRef = 1F1055C12634342B002F8C54 /* UITabBar+Extension.swift */; };
		1F1055C62634370E002F8C54 /* TabBarController+Delegate.swift in Sources */ = {isa = PBXBuildFile; fileRef = 1F1055C52634370E002F8C54 /* TabBarController+Delegate.swift */; };
		1F60B8362627ED4A001A2286 /* CategoryList.swift in Sources */ = {isa = PBXBuildFile; fileRef = 1F60B8352627ED4A001A2286 /* CategoryList.swift */; };
		1FAC2C0E2616EAE200638C59 /* AppDelegate.swift in Sources */ = {isa = PBXBuildFile; fileRef = 1FAC2C0D2616EAE200638C59 /* AppDelegate.swift */; };
		1FAC2C102616EAE200638C59 /* SceneDelegate.swift in Sources */ = {isa = PBXBuildFile; fileRef = 1FAC2C0F2616EAE200638C59 /* SceneDelegate.swift */; };
		1FAC2C172616EAE900638C59 /* Assets.xcassets in Resources */ = {isa = PBXBuildFile; fileRef = 1FAC2C162616EAE900638C59 /* Assets.xcassets */; };
		1FAC2C1A2616EAE900638C59 /* LaunchScreen.storyboard in Resources */ = {isa = PBXBuildFile; fileRef = 1FAC2C182616EAE900638C59 /* LaunchScreen.storyboard */; };
		1FAC2C252616EAE900638C59 /* RewardTests.swift in Sources */ = {isa = PBXBuildFile; fileRef = 1FAC2C242616EAE900638C59 /* RewardTests.swift */; };
		1FAC2C7A26183E7D00638C59 /* QA.plist in Resources */ = {isa = PBXBuildFile; fileRef = 1FAC2C7826183E7D00638C59 /* QA.plist */; };
		1FAC2C7B26183E7D00638C59 /* Dev.plist in Resources */ = {isa = PBXBuildFile; fileRef = 1FAC2C7926183E7D00638C59 /* Dev.plist */; };
		1FAC2CAD2618442800638C59 /* Production.plist in Resources */ = {isa = PBXBuildFile; fileRef = 1FAC2C1B2616EAE900638C59 /* Production.plist */; };
		1FAC2CB22618444F00638C59 /* Main.storyboard in Resources */ = {isa = PBXBuildFile; fileRef = 1FAC2C132616EAE200638C59 /* Main.storyboard */; };
		1FAC2D25261A2EAE00638C59 /* R.generated.swift in Sources */ = {isa = PBXBuildFile; fileRef = 1FAC2D24261A2EAE00638C59 /* R.generated.swift */; };
		1FAD9AB5262EDE1E00B80A5A /* Constants.swift in Sources */ = {isa = PBXBuildFile; fileRef = 1FAD9AB4262EDE1D00B80A5A /* Constants.swift */; };
		1FE28B5B261CD58600402A2B /* Environment.swift in Sources */ = {isa = PBXBuildFile; fileRef = 1FE28B56261CD58600402A2B /* Environment.swift */; };
		1FE28B5C261CD58600402A2B /* RealmConfiguration.swift in Sources */ = {isa = PBXBuildFile; fileRef = 1FE28B58261CD58600402A2B /* RealmConfiguration.swift */; };
		1FE28B5D261CD58600402A2B /* RealmManager.swift in Sources */ = {isa = PBXBuildFile; fileRef = 1FE28B59261CD58600402A2B /* RealmManager.swift */; };
		1FE28B5E261CD58600402A2B /* EnvironmentUtility.swift in Sources */ = {isa = PBXBuildFile; fileRef = 1FE28B5A261CD58600402A2B /* EnvironmentUtility.swift */; };
		1FE28B71261CDBCD00402A2B /* Mapper+Extension.swift in Sources */ = {isa = PBXBuildFile; fileRef = 1FE28B70261CDBCD00402A2B /* Mapper+Extension.swift */; };
		1FE28B76261CDC7A00402A2B /* APIResponseProtocol.swift in Sources */ = {isa = PBXBuildFile; fileRef = 1FE28B75261CDC7A00402A2B /* APIResponseProtocol.swift */; };
		1FE28B7D261CDCC000402A2B /* APIUrl.swift in Sources */ = {isa = PBXBuildFile; fileRef = 1FE28B7C261CDCC000402A2B /* APIUrl.swift */; };
		1FE28B83261CDD2000402A2B /* APIRequest.swift in Sources */ = {isa = PBXBuildFile; fileRef = 1FE28B82261CDD2000402A2B /* APIRequest.swift */; };
		1FE28B87261CDD4C00402A2B /* APIUrlStruct.swift in Sources */ = {isa = PBXBuildFile; fileRef = 1FE28B86261CDD4C00402A2B /* APIUrlStruct.swift */; };
		1FE28B8D261CDEBC00402A2B /* APIHeaderKey.swift in Sources */ = {isa = PBXBuildFile; fileRef = 1FE28B8C261CDEBC00402A2B /* APIHeaderKey.swift */; };
		1FE28B91261CDF0900402A2B /* APIManager.swift in Sources */ = {isa = PBXBuildFile; fileRef = 1FE28B90261CDF0900402A2B /* APIManager.swift */; };
		1FE28B95261CDF4E00402A2B /* HTTPStatus.swift in Sources */ = {isa = PBXBuildFile; fileRef = 1FE28B94261CDF4E00402A2B /* HTTPStatus.swift */; };
		1FE996762627515F00223DEC /* ClaimRewardViewController.swift in Sources */ = {isa = PBXBuildFile; fileRef = 1FE996752627515F00223DEC /* ClaimRewardViewController.swift */; };
		1FE9968426276DD200223DEC /* DropDownController.swift in Sources */ = {isa = PBXBuildFile; fileRef = 1FE9968326276DD100223DEC /* DropDownController.swift */; };
		1FE9968826276F7E00223DEC /* Searchable.swift in Sources */ = {isa = PBXBuildFile; fileRef = 1FE9968726276F7E00223DEC /* Searchable.swift */; };
		1FF6CE20261F4F77007BF8B9 /* GlobalSettings.swift in Sources */ = {isa = PBXBuildFile; fileRef = 1FF6CE1F261F4F77007BF8B9 /* GlobalSettings.swift */; };
		1FFCF2AF26353BEF00E0CD50 /* Redirect.swift in Sources */ = {isa = PBXBuildFile; fileRef = 1FFCF2AE26353BEF00E0CD50 /* Redirect.swift */; };
		DCC13BE58373AADBA4013FF2 /* Pods_RewardTests.framework in Frameworks */ = {isa = PBXBuildFile; fileRef = 1F7BAF31FC450162B39A9D4E /* Pods_RewardTests.framework */; };
		E70AD5752633F42F00F0FA9A /* ProfileInfoCell.swift in Sources */ = {isa = PBXBuildFile; fileRef = E70AD5742633F42F00F0FA9A /* ProfileInfoCell.swift */; };
		E70AD5792633F44400F0FA9A /* SettingCell.swift in Sources */ = {isa = PBXBuildFile; fileRef = E70AD5782633F44400F0FA9A /* SettingCell.swift */; };
		E70AD5832633FC3200F0FA9A /* CustomTableView.swift in Sources */ = {isa = PBXBuildFile; fileRef = E70AD5822633FC3200F0FA9A /* CustomTableView.swift */; };
		E70AD58726340E4700F0FA9A /* SettingStruct.swift in Sources */ = {isa = PBXBuildFile; fileRef = E70AD58626340E4700F0FA9A /* SettingStruct.swift */; };
		E70AD5A22634285400F0FA9A /* SignInViewController+APIResponseProtocol.swift in Sources */ = {isa = PBXBuildFile; fileRef = E70AD5A12634285400F0FA9A /* SignInViewController+APIResponseProtocol.swift */; };
		E70AD5A62634317500F0FA9A /* UserProfileModel.swift in Sources */ = {isa = PBXBuildFile; fileRef = E70AD5A52634317500F0FA9A /* UserProfileModel.swift */; };
		E70AD6022634912300F0FA9A /* SettingsViewController+TableViewExtension.swift in Sources */ = {isa = PBXBuildFile; fileRef = E70AD6012634912300F0FA9A /* SettingsViewController+TableViewExtension.swift */; };
		E70BDBC92635A013005F52FA /* MyViewViewController.swift in Sources */ = {isa = PBXBuildFile; fileRef = E70BDBC82635A013005F52FA /* MyViewViewController.swift */; };
		E7684F2726373025001B66ED /* Int+Extension.swift in Sources */ = {isa = PBXBuildFile; fileRef = E7684F2626373025001B66ED /* Int+Extension.swift */; };
		E7684F2F26373287001B66ED /* AppGlobalEnums.swift in Sources */ = {isa = PBXBuildFile; fileRef = E7684F2E26373287001B66ED /* AppGlobalEnums.swift */; };
		E7684F3326373632001B66ED /* MyViewViewController+APIResponseProtocol.swift in Sources */ = {isa = PBXBuildFile; fileRef = E7684F3226373631001B66ED /* MyViewViewController+APIResponseProtocol.swift */; };
		E7684F3726373683001B66ED /* MyViewViewController+TableViewExtension.swift in Sources */ = {isa = PBXBuildFile; fileRef = E7684F3626373683001B66ED /* MyViewViewController+TableViewExtension.swift */; };
		E7684F3B26373F75001B66ED /* RewardStatusViewController.swift in Sources */ = {isa = PBXBuildFile; fileRef = E7684F3A26373F75001B66ED /* RewardStatusViewController.swift */; };
		E7684F4226374DEF001B66ED /* RewardStatusViewController+APIResponseProtocol.swift in Sources */ = {isa = PBXBuildFile; fileRef = E7684F4126374DEF001B66ED /* RewardStatusViewController+APIResponseProtocol.swift */; };
		E7684F4626374E18001B66ED /* RewardStatusViewController+TableViewExtension.swift in Sources */ = {isa = PBXBuildFile; fileRef = E7684F4526374E17001B66ED /* RewardStatusViewController+TableViewExtension.swift */; };
		E7684F4A26375000001B66ED /* RewardDetailCell.swift in Sources */ = {isa = PBXBuildFile; fileRef = E7684F4926375000001B66ED /* RewardDetailCell.swift */; };
		E7684F4E26375EEF001B66ED /* RewardModel.swift in Sources */ = {isa = PBXBuildFile; fileRef = E7684F4D26375EEF001B66ED /* RewardModel.swift */; };
		E7684F5226375F03001B66ED /* RewardListModel.swift in Sources */ = {isa = PBXBuildFile; fileRef = E7684F5126375F03001B66ED /* RewardListModel.swift */; };
		E7684F5626375FA2001B66ED /* ArrayTransform.swift in Sources */ = {isa = PBXBuildFile; fileRef = E7684F5526375FA2001B66ED /* ArrayTransform.swift */; };
		E7684F5A263765BD001B66ED /* CommonExtensions.swift in Sources */ = {isa = PBXBuildFile; fileRef = E7684F59263765BD001B66ED /* CommonExtensions.swift */; };
		E77DE86B26245BEE00D20520 /* SignInViewController.swift in Sources */ = {isa = PBXBuildFile; fileRef = E77DE86926245BEE00D20520 /* SignInViewController.swift */; };
		E77DE86C26245BEE00D20520 /* SignInViewController+GIDSignInDelegate.swift in Sources */ = {isa = PBXBuildFile; fileRef = E77DE86A26245BEE00D20520 /* SignInViewController+GIDSignInDelegate.swift */; };
		E77DE87426245C8200D20520 /* NotificationName+Extensions.swift in Sources */ = {isa = PBXBuildFile; fileRef = E77DE87326245C8100D20520 /* NotificationName+Extensions.swift */; };
		E77DE87826245CED00D20520 /* APIKeys.swift in Sources */ = {isa = PBXBuildFile; fileRef = E77DE87726245CED00D20520 /* APIKeys.swift */; };
		E79BDDFB262C357C001C3C73 /* Loader.swift in Sources */ = {isa = PBXBuildFile; fileRef = E79BDDFA262C357C001C3C73 /* Loader.swift */; };
		E79BDE18262C518B001C3C73 /* VariableStruct.swift in Sources */ = {isa = PBXBuildFile; fileRef = E79BDE17262C518B001C3C73 /* VariableStruct.swift */; };
		E79BDE2D262C6F9C001C3C73 /* SettingsViewController.swift in Sources */ = {isa = PBXBuildFile; fileRef = E79BDE2C262C6F9C001C3C73 /* SettingsViewController.swift */; };
		E7A82B86262B0EF2007E4EC2 /* UIFont+Extension.swift in Sources */ = {isa = PBXBuildFile; fileRef = E7A82B85262B0EF2007E4EC2 /* UIFont+Extension.swift */; };
		E7B56A562637DBA5006BCD57 /* CategoryReasonModel.swift in Sources */ = {isa = PBXBuildFile; fileRef = E7B56A552637DBA5006BCD57 /* CategoryReasonModel.swift */; };
		E7B56A5A2637DBB4006BCD57 /* CategoryReasonListModel.swift in Sources */ = {isa = PBXBuildFile; fileRef = E7B56A592637DBB4006BCD57 /* CategoryReasonListModel.swift */; };
		E7B56A602637F677006BCD57 /* PaddingLabel.swift in Sources */ = {isa = PBXBuildFile; fileRef = E7B56A5F2637F677006BCD57 /* PaddingLabel.swift */; };
		E7B56A642637FBA0006BCD57 /* Common.swift in Sources */ = {isa = PBXBuildFile; fileRef = E7B56A632637FBA0006BCD57 /* Common.swift */; };
		E7B56A6A26381FA1006BCD57 /* String+Extension.swift in Sources */ = {isa = PBXBuildFile; fileRef = E7B56A6926381FA1006BCD57 /* String+Extension.swift */; };
		E7B56A6F26384FA8006BCD57 /* FilterViewController.swift in Sources */ = {isa = PBXBuildFile; fileRef = E7B56A6E26384FA8006BCD57 /* FilterViewController.swift */; };
		E7B56A7326385FFA006BCD57 /* UIViewController+Extension.swift in Sources */ = {isa = PBXBuildFile; fileRef = E7B56A7226385FFA006BCD57 /* UIViewController+Extension.swift */; };
		E7B56A95263885EF006BCD57 /* CategoryBadgesListModel.swift in Sources */ = {isa = PBXBuildFile; fileRef = E7B56A94263885EF006BCD57 /* CategoryBadgesListModel.swift */; };
		E7B56A9926388607006BCD57 /* CategoryBadgesModel.swift in Sources */ = {isa = PBXBuildFile; fileRef = E7B56A9826388607006BCD57 /* CategoryBadgesModel.swift */; };
		E7B56AA1263887E8006BCD57 /* MyViewModel.swift in Sources */ = {isa = PBXBuildFile; fileRef = E7B56AA0263887E8006BCD57 /* MyViewModel.swift */; };
		E7B56AAC2638889C006BCD57 /* MyViewDetailsModel.swift in Sources */ = {isa = PBXBuildFile; fileRef = E7B56AAB2638889C006BCD57 /* MyViewDetailsModel.swift */; };
		E7B56AB02638892D006BCD57 /* BadgesTallyModel.swift in Sources */ = {isa = PBXBuildFile; fileRef = E7B56AAF2638892D006BCD57 /* BadgesTallyModel.swift */; };
		E7F29BA92635DC9B0075D964 /* MedalHeaderCell.swift in Sources */ = {isa = PBXBuildFile; fileRef = E7F29BA82635DC9B0075D964 /* MedalHeaderCell.swift */; };
		E7F29BAD2635DCB70075D964 /* TeamListCell.swift in Sources */ = {isa = PBXBuildFile; fileRef = E7F29BAC2635DCB70075D964 /* TeamListCell.swift */; };
/* End PBXBuildFile section */

/* Begin PBXContainerItemProxy section */
		1FAC2C212616EAE900638C59 /* PBXContainerItemProxy */ = {
			isa = PBXContainerItemProxy;
			containerPortal = 1FAC2C022616EAE200638C59 /* Project object */;
			proxyType = 1;
			remoteGlobalIDString = 1FAC2C092616EAE200638C59;
			remoteInfo = Reward;
		};
/* End PBXContainerItemProxy section */

/* Begin PBXFileReference section */
		18EC8EB9381FA17CDA0D3DA8 /* Pods-RewardTests.debug (qa).xcconfig */ = {isa = PBXFileReference; includeInIndex = 1; lastKnownFileType = text.xcconfig; name = "Pods-RewardTests.debug (qa).xcconfig"; path = "Target Support Files/Pods-RewardTests/Pods-RewardTests.debug (qa).xcconfig"; sourceTree = "<group>"; };
		1F1055B92633FC99002F8C54 /* TabBarController.swift */ = {isa = PBXFileReference; lastKnownFileType = sourcecode.swift; path = TabBarController.swift; sourceTree = "<group>"; };
		1F1055BD263433AC002F8C54 /* AppSettings.swift */ = {isa = PBXFileReference; lastKnownFileType = sourcecode.swift; path = AppSettings.swift; sourceTree = "<group>"; };
		1F1055C12634342B002F8C54 /* UITabBar+Extension.swift */ = {isa = PBXFileReference; lastKnownFileType = sourcecode.swift; path = "UITabBar+Extension.swift"; sourceTree = "<group>"; };
		1F1055C52634370E002F8C54 /* TabBarController+Delegate.swift */ = {isa = PBXFileReference; lastKnownFileType = sourcecode.swift; path = "TabBarController+Delegate.swift"; sourceTree = "<group>"; };
		1F60B8352627ED4A001A2286 /* CategoryList.swift */ = {isa = PBXFileReference; lastKnownFileType = sourcecode.swift; path = CategoryList.swift; sourceTree = "<group>"; };
		1F7BAF31FC450162B39A9D4E /* Pods_RewardTests.framework */ = {isa = PBXFileReference; explicitFileType = wrapper.framework; includeInIndex = 0; path = Pods_RewardTests.framework; sourceTree = BUILT_PRODUCTS_DIR; };
		1FAC2C0A2616EAE200638C59 /* Reward.app */ = {isa = PBXFileReference; explicitFileType = wrapper.application; includeInIndex = 0; path = Reward.app; sourceTree = BUILT_PRODUCTS_DIR; };
		1FAC2C0D2616EAE200638C59 /* AppDelegate.swift */ = {isa = PBXFileReference; lastKnownFileType = sourcecode.swift; path = AppDelegate.swift; sourceTree = "<group>"; };
		1FAC2C0F2616EAE200638C59 /* SceneDelegate.swift */ = {isa = PBXFileReference; lastKnownFileType = sourcecode.swift; path = SceneDelegate.swift; sourceTree = "<group>"; };
		1FAC2C142616EAE200638C59 /* Base */ = {isa = PBXFileReference; lastKnownFileType = file.storyboard; name = Base; path = Base.lproj/Main.storyboard; sourceTree = "<group>"; };
		1FAC2C162616EAE900638C59 /* Assets.xcassets */ = {isa = PBXFileReference; lastKnownFileType = folder.assetcatalog; path = Assets.xcassets; sourceTree = "<group>"; };
		1FAC2C192616EAE900638C59 /* Base */ = {isa = PBXFileReference; lastKnownFileType = file.storyboard; name = Base; path = Base.lproj/LaunchScreen.storyboard; sourceTree = "<group>"; };
		1FAC2C1B2616EAE900638C59 /* Production.plist */ = {isa = PBXFileReference; lastKnownFileType = text.plist.xml; path = Production.plist; sourceTree = "<group>"; };
		1FAC2C202616EAE900638C59 /* RewardTests.xctest */ = {isa = PBXFileReference; explicitFileType = wrapper.cfbundle; includeInIndex = 0; path = RewardTests.xctest; sourceTree = BUILT_PRODUCTS_DIR; };
		1FAC2C242616EAE900638C59 /* RewardTests.swift */ = {isa = PBXFileReference; lastKnownFileType = sourcecode.swift; path = RewardTests.swift; sourceTree = "<group>"; };
		1FAC2C262616EAE900638C59 /* Info.plist */ = {isa = PBXFileReference; lastKnownFileType = text.plist.xml; path = Info.plist; sourceTree = "<group>"; };
		1FAC2C7826183E7D00638C59 /* QA.plist */ = {isa = PBXFileReference; fileEncoding = 4; lastKnownFileType = text.plist.xml; path = QA.plist; sourceTree = "<group>"; };
		1FAC2C7926183E7D00638C59 /* Dev.plist */ = {isa = PBXFileReference; fileEncoding = 4; lastKnownFileType = text.plist.xml; path = Dev.plist; sourceTree = "<group>"; };
		1FAC2C7E26183F0300638C59 /* Production.xcconfig */ = {isa = PBXFileReference; lastKnownFileType = text.xcconfig; path = Production.xcconfig; sourceTree = "<group>"; };
		1FAC2C7F26183F1400638C59 /* QA.xcconfig */ = {isa = PBXFileReference; lastKnownFileType = text.xcconfig; path = QA.xcconfig; sourceTree = "<group>"; };
		1FAC2C8026183F2400638C59 /* Dev.xcconfig */ = {isa = PBXFileReference; lastKnownFileType = text.xcconfig; path = Dev.xcconfig; sourceTree = "<group>"; };
		1FAC2D24261A2EAE00638C59 /* R.generated.swift */ = {isa = PBXFileReference; fileEncoding = 4; lastKnownFileType = sourcecode.swift; path = R.generated.swift; sourceTree = "<group>"; };
		1FAD9AB4262EDE1D00B80A5A /* Constants.swift */ = {isa = PBXFileReference; lastKnownFileType = sourcecode.swift; path = Constants.swift; sourceTree = "<group>"; };
		1FE28B56261CD58600402A2B /* Environment.swift */ = {isa = PBXFileReference; fileEncoding = 4; lastKnownFileType = sourcecode.swift; path = Environment.swift; sourceTree = "<group>"; };
		1FE28B58261CD58600402A2B /* RealmConfiguration.swift */ = {isa = PBXFileReference; fileEncoding = 4; lastKnownFileType = sourcecode.swift; path = RealmConfiguration.swift; sourceTree = "<group>"; };
		1FE28B59261CD58600402A2B /* RealmManager.swift */ = {isa = PBXFileReference; fileEncoding = 4; lastKnownFileType = sourcecode.swift; path = RealmManager.swift; sourceTree = "<group>"; };
		1FE28B5A261CD58600402A2B /* EnvironmentUtility.swift */ = {isa = PBXFileReference; fileEncoding = 4; lastKnownFileType = sourcecode.swift; path = EnvironmentUtility.swift; sourceTree = "<group>"; };
		1FE28B70261CDBCD00402A2B /* Mapper+Extension.swift */ = {isa = PBXFileReference; lastKnownFileType = sourcecode.swift; path = "Mapper+Extension.swift"; sourceTree = "<group>"; };
		1FE28B75261CDC7A00402A2B /* APIResponseProtocol.swift */ = {isa = PBXFileReference; lastKnownFileType = sourcecode.swift; path = APIResponseProtocol.swift; sourceTree = "<group>"; };
		1FE28B7C261CDCC000402A2B /* APIUrl.swift */ = {isa = PBXFileReference; lastKnownFileType = sourcecode.swift; path = APIUrl.swift; sourceTree = "<group>"; };
		1FE28B82261CDD2000402A2B /* APIRequest.swift */ = {isa = PBXFileReference; lastKnownFileType = sourcecode.swift; path = APIRequest.swift; sourceTree = "<group>"; };
		1FE28B86261CDD4C00402A2B /* APIUrlStruct.swift */ = {isa = PBXFileReference; lastKnownFileType = sourcecode.swift; path = APIUrlStruct.swift; sourceTree = "<group>"; };
		1FE28B8C261CDEBC00402A2B /* APIHeaderKey.swift */ = {isa = PBXFileReference; lastKnownFileType = sourcecode.swift; path = APIHeaderKey.swift; sourceTree = "<group>"; };
		1FE28B90261CDF0900402A2B /* APIManager.swift */ = {isa = PBXFileReference; lastKnownFileType = sourcecode.swift; path = APIManager.swift; sourceTree = "<group>"; };
		1FE28B94261CDF4E00402A2B /* HTTPStatus.swift */ = {isa = PBXFileReference; lastKnownFileType = sourcecode.swift; path = HTTPStatus.swift; sourceTree = "<group>"; };
		1FE996752627515F00223DEC /* ClaimRewardViewController.swift */ = {isa = PBXFileReference; lastKnownFileType = sourcecode.swift; path = ClaimRewardViewController.swift; sourceTree = "<group>"; };
		1FE9968326276DD100223DEC /* DropDownController.swift */ = {isa = PBXFileReference; lastKnownFileType = sourcecode.swift; path = DropDownController.swift; sourceTree = "<group>"; };
		1FE9968726276F7E00223DEC /* Searchable.swift */ = {isa = PBXFileReference; lastKnownFileType = sourcecode.swift; path = Searchable.swift; sourceTree = "<group>"; };
		1FF6CE1F261F4F77007BF8B9 /* GlobalSettings.swift */ = {isa = PBXFileReference; lastKnownFileType = sourcecode.swift; path = GlobalSettings.swift; sourceTree = "<group>"; };
		1FFCF2AE26353BEF00E0CD50 /* Redirect.swift */ = {isa = PBXFileReference; lastKnownFileType = sourcecode.swift; path = Redirect.swift; sourceTree = "<group>"; };
		2B66A8663FACA9F6167EFD26 /* Pods-RewardTests.release (qa).xcconfig */ = {isa = PBXFileReference; includeInIndex = 1; lastKnownFileType = text.xcconfig; name = "Pods-RewardTests.release (qa).xcconfig"; path = "Target Support Files/Pods-RewardTests/Pods-RewardTests.release (qa).xcconfig"; sourceTree = "<group>"; };
		3975ACD5DDFC8F43A4A7D7A3 /* Pods-RewardTests.release.xcconfig */ = {isa = PBXFileReference; includeInIndex = 1; lastKnownFileType = text.xcconfig; name = "Pods-RewardTests.release.xcconfig"; path = "Target Support Files/Pods-RewardTests/Pods-RewardTests.release.xcconfig"; sourceTree = "<group>"; };
		3E176F6E30C1ED90162BF548 /* Pods-Reward.release.xcconfig */ = {isa = PBXFileReference; includeInIndex = 1; lastKnownFileType = text.xcconfig; name = "Pods-Reward.release.xcconfig"; path = "Target Support Files/Pods-Reward/Pods-Reward.release.xcconfig"; sourceTree = "<group>"; };
		40F7784DBDEE096F3794609E /* Pods_Reward.framework */ = {isa = PBXFileReference; explicitFileType = wrapper.framework; includeInIndex = 0; path = Pods_Reward.framework; sourceTree = BUILT_PRODUCTS_DIR; };
		55D2C6E4BAEA77492DDF4D4D /* Pods-Reward.debug (production).xcconfig */ = {isa = PBXFileReference; includeInIndex = 1; lastKnownFileType = text.xcconfig; name = "Pods-Reward.debug (production).xcconfig"; path = "Target Support Files/Pods-Reward/Pods-Reward.debug (production).xcconfig"; sourceTree = "<group>"; };
		5781B3D33C578AC6AB2CBA5B /* Pods-RewardTests.debug.xcconfig */ = {isa = PBXFileReference; includeInIndex = 1; lastKnownFileType = text.xcconfig; name = "Pods-RewardTests.debug.xcconfig"; path = "Target Support Files/Pods-RewardTests/Pods-RewardTests.debug.xcconfig"; sourceTree = "<group>"; };
		6B1A876A211A53588C73FF80 /* Pods-Reward.release (dev).xcconfig */ = {isa = PBXFileReference; includeInIndex = 1; lastKnownFileType = text.xcconfig; name = "Pods-Reward.release (dev).xcconfig"; path = "Target Support Files/Pods-Reward/Pods-Reward.release (dev).xcconfig"; sourceTree = "<group>"; };
		71EBB2B35A7168A8E6ACEC24 /* Pods-RewardTests.release (production).xcconfig */ = {isa = PBXFileReference; includeInIndex = 1; lastKnownFileType = text.xcconfig; name = "Pods-RewardTests.release (production).xcconfig"; path = "Target Support Files/Pods-RewardTests/Pods-RewardTests.release (production).xcconfig"; sourceTree = "<group>"; };
		92BFD410E5745CD114B78874 /* Pods-RewardTests.debug (production).xcconfig */ = {isa = PBXFileReference; includeInIndex = 1; lastKnownFileType = text.xcconfig; name = "Pods-RewardTests.debug (production).xcconfig"; path = "Target Support Files/Pods-RewardTests/Pods-RewardTests.debug (production).xcconfig"; sourceTree = "<group>"; };
		ADE02E9B373BA1267958BE66 /* Pods-Reward.release (production).xcconfig */ = {isa = PBXFileReference; includeInIndex = 1; lastKnownFileType = text.xcconfig; name = "Pods-Reward.release (production).xcconfig"; path = "Target Support Files/Pods-Reward/Pods-Reward.release (production).xcconfig"; sourceTree = "<group>"; };
		B573FABC94C17F1CF050EFF0 /* Pods-Reward.debug (dev).xcconfig */ = {isa = PBXFileReference; includeInIndex = 1; lastKnownFileType = text.xcconfig; name = "Pods-Reward.debug (dev).xcconfig"; path = "Target Support Files/Pods-Reward/Pods-Reward.debug (dev).xcconfig"; sourceTree = "<group>"; };
		D48BDC9576A80F64CAC66CC8 /* Pods-RewardTests.release (dev).xcconfig */ = {isa = PBXFileReference; includeInIndex = 1; lastKnownFileType = text.xcconfig; name = "Pods-RewardTests.release (dev).xcconfig"; path = "Target Support Files/Pods-RewardTests/Pods-RewardTests.release (dev).xcconfig"; sourceTree = "<group>"; };
		D667C4B13F3DA83A2BED6EB4 /* Pods-Reward.release (qa).xcconfig */ = {isa = PBXFileReference; includeInIndex = 1; lastKnownFileType = text.xcconfig; name = "Pods-Reward.release (qa).xcconfig"; path = "Target Support Files/Pods-Reward/Pods-Reward.release (qa).xcconfig"; sourceTree = "<group>"; };
		D99290BA55A92F60D1DCDB61 /* Pods-RewardTests.debug (dev).xcconfig */ = {isa = PBXFileReference; includeInIndex = 1; lastKnownFileType = text.xcconfig; name = "Pods-RewardTests.debug (dev).xcconfig"; path = "Target Support Files/Pods-RewardTests/Pods-RewardTests.debug (dev).xcconfig"; sourceTree = "<group>"; };
		E337C7BB74752E26CFF1DDB2 /* Pods-Reward.debug (qa).xcconfig */ = {isa = PBXFileReference; includeInIndex = 1; lastKnownFileType = text.xcconfig; name = "Pods-Reward.debug (qa).xcconfig"; path = "Target Support Files/Pods-Reward/Pods-Reward.debug (qa).xcconfig"; sourceTree = "<group>"; };
		E70AD5742633F42F00F0FA9A /* ProfileInfoCell.swift */ = {isa = PBXFileReference; lastKnownFileType = sourcecode.swift; path = ProfileInfoCell.swift; sourceTree = "<group>"; };
		E70AD5782633F44400F0FA9A /* SettingCell.swift */ = {isa = PBXFileReference; lastKnownFileType = sourcecode.swift; path = SettingCell.swift; sourceTree = "<group>"; };
		E70AD5822633FC3200F0FA9A /* CustomTableView.swift */ = {isa = PBXFileReference; lastKnownFileType = sourcecode.swift; path = CustomTableView.swift; sourceTree = "<group>"; };
		E70AD58626340E4700F0FA9A /* SettingStruct.swift */ = {isa = PBXFileReference; lastKnownFileType = sourcecode.swift; path = SettingStruct.swift; sourceTree = "<group>"; };
		E70AD5A12634285400F0FA9A /* SignInViewController+APIResponseProtocol.swift */ = {isa = PBXFileReference; lastKnownFileType = sourcecode.swift; path = "SignInViewController+APIResponseProtocol.swift"; sourceTree = "<group>"; };
		E70AD5A52634317500F0FA9A /* UserProfileModel.swift */ = {isa = PBXFileReference; lastKnownFileType = sourcecode.swift; path = UserProfileModel.swift; sourceTree = "<group>"; };
		E70AD6012634912300F0FA9A /* SettingsViewController+TableViewExtension.swift */ = {isa = PBXFileReference; lastKnownFileType = sourcecode.swift; path = "SettingsViewController+TableViewExtension.swift"; sourceTree = "<group>"; };
		E70BDBC82635A013005F52FA /* MyViewViewController.swift */ = {isa = PBXFileReference; lastKnownFileType = sourcecode.swift; path = MyViewViewController.swift; sourceTree = "<group>"; };
		E7684F2626373025001B66ED /* Int+Extension.swift */ = {isa = PBXFileReference; lastKnownFileType = sourcecode.swift; path = "Int+Extension.swift"; sourceTree = "<group>"; };
		E7684F2E26373287001B66ED /* AppGlobalEnums.swift */ = {isa = PBXFileReference; lastKnownFileType = sourcecode.swift; path = AppGlobalEnums.swift; sourceTree = "<group>"; };
		E7684F3226373631001B66ED /* MyViewViewController+APIResponseProtocol.swift */ = {isa = PBXFileReference; lastKnownFileType = sourcecode.swift; path = "MyViewViewController+APIResponseProtocol.swift"; sourceTree = "<group>"; };
		E7684F3626373683001B66ED /* MyViewViewController+TableViewExtension.swift */ = {isa = PBXFileReference; lastKnownFileType = sourcecode.swift; path = "MyViewViewController+TableViewExtension.swift"; sourceTree = "<group>"; };
		E7684F3A26373F75001B66ED /* RewardStatusViewController.swift */ = {isa = PBXFileReference; lastKnownFileType = sourcecode.swift; path = RewardStatusViewController.swift; sourceTree = "<group>"; };
		E7684F4126374DEF001B66ED /* RewardStatusViewController+APIResponseProtocol.swift */ = {isa = PBXFileReference; lastKnownFileType = sourcecode.swift; path = "RewardStatusViewController+APIResponseProtocol.swift"; sourceTree = "<group>"; };
		E7684F4526374E17001B66ED /* RewardStatusViewController+TableViewExtension.swift */ = {isa = PBXFileReference; lastKnownFileType = sourcecode.swift; path = "RewardStatusViewController+TableViewExtension.swift"; sourceTree = "<group>"; };
		E7684F4926375000001B66ED /* RewardDetailCell.swift */ = {isa = PBXFileReference; lastKnownFileType = sourcecode.swift; path = RewardDetailCell.swift; sourceTree = "<group>"; };
		E7684F4D26375EEF001B66ED /* RewardModel.swift */ = {isa = PBXFileReference; lastKnownFileType = sourcecode.swift; path = RewardModel.swift; sourceTree = "<group>"; };
		E7684F5126375F03001B66ED /* RewardListModel.swift */ = {isa = PBXFileReference; lastKnownFileType = sourcecode.swift; path = RewardListModel.swift; sourceTree = "<group>"; };
		E7684F5526375FA2001B66ED /* ArrayTransform.swift */ = {isa = PBXFileReference; lastKnownFileType = sourcecode.swift; path = ArrayTransform.swift; sourceTree = "<group>"; };
		E7684F59263765BD001B66ED /* CommonExtensions.swift */ = {isa = PBXFileReference; lastKnownFileType = sourcecode.swift; path = CommonExtensions.swift; sourceTree = "<group>"; };
		E77DE86926245BEE00D20520 /* SignInViewController.swift */ = {isa = PBXFileReference; fileEncoding = 4; lastKnownFileType = sourcecode.swift; path = SignInViewController.swift; sourceTree = "<group>"; };
		E77DE86A26245BEE00D20520 /* SignInViewController+GIDSignInDelegate.swift */ = {isa = PBXFileReference; fileEncoding = 4; lastKnownFileType = sourcecode.swift; path = "SignInViewController+GIDSignInDelegate.swift"; sourceTree = "<group>"; };
		E77DE87326245C8100D20520 /* NotificationName+Extensions.swift */ = {isa = PBXFileReference; fileEncoding = 4; lastKnownFileType = sourcecode.swift; path = "NotificationName+Extensions.swift"; sourceTree = "<group>"; };
		E77DE87726245CED00D20520 /* APIKeys.swift */ = {isa = PBXFileReference; fileEncoding = 4; lastKnownFileType = sourcecode.swift; path = APIKeys.swift; sourceTree = "<group>"; };
		E79BDDFA262C357C001C3C73 /* Loader.swift */ = {isa = PBXFileReference; lastKnownFileType = sourcecode.swift; path = Loader.swift; sourceTree = "<group>"; };
		E79BDE17262C518B001C3C73 /* VariableStruct.swift */ = {isa = PBXFileReference; lastKnownFileType = sourcecode.swift; path = VariableStruct.swift; sourceTree = "<group>"; };
		E79BDE2C262C6F9C001C3C73 /* SettingsViewController.swift */ = {isa = PBXFileReference; lastKnownFileType = sourcecode.swift; path = SettingsViewController.swift; sourceTree = "<group>"; };
		E7A82B85262B0EF2007E4EC2 /* UIFont+Extension.swift */ = {isa = PBXFileReference; lastKnownFileType = sourcecode.swift; path = "UIFont+Extension.swift"; sourceTree = "<group>"; };
		E7B56A552637DBA5006BCD57 /* CategoryReasonModel.swift */ = {isa = PBXFileReference; lastKnownFileType = sourcecode.swift; path = CategoryReasonModel.swift; sourceTree = "<group>"; };
		E7B56A592637DBB4006BCD57 /* CategoryReasonListModel.swift */ = {isa = PBXFileReference; lastKnownFileType = sourcecode.swift; path = CategoryReasonListModel.swift; sourceTree = "<group>"; };
		E7B56A5F2637F677006BCD57 /* PaddingLabel.swift */ = {isa = PBXFileReference; lastKnownFileType = sourcecode.swift; path = PaddingLabel.swift; sourceTree = "<group>"; };
		E7B56A632637FBA0006BCD57 /* Common.swift */ = {isa = PBXFileReference; lastKnownFileType = sourcecode.swift; path = Common.swift; sourceTree = "<group>"; };
		E7B56A6926381FA1006BCD57 /* String+Extension.swift */ = {isa = PBXFileReference; lastKnownFileType = sourcecode.swift; path = "String+Extension.swift"; sourceTree = "<group>"; };
		E7B56A6E26384FA8006BCD57 /* FilterViewController.swift */ = {isa = PBXFileReference; lastKnownFileType = sourcecode.swift; path = FilterViewController.swift; sourceTree = "<group>"; };
		E7B56A7226385FFA006BCD57 /* UIViewController+Extension.swift */ = {isa = PBXFileReference; lastKnownFileType = sourcecode.swift; path = "UIViewController+Extension.swift"; sourceTree = "<group>"; };
		E7B56A94263885EF006BCD57 /* CategoryBadgesListModel.swift */ = {isa = PBXFileReference; lastKnownFileType = sourcecode.swift; path = CategoryBadgesListModel.swift; sourceTree = "<group>"; };
		E7B56A9826388607006BCD57 /* CategoryBadgesModel.swift */ = {isa = PBXFileReference; lastKnownFileType = sourcecode.swift; path = CategoryBadgesModel.swift; sourceTree = "<group>"; };
		E7B56AA0263887E8006BCD57 /* MyViewModel.swift */ = {isa = PBXFileReference; lastKnownFileType = sourcecode.swift; path = MyViewModel.swift; sourceTree = "<group>"; };
		E7B56AAB2638889C006BCD57 /* MyViewDetailsModel.swift */ = {isa = PBXFileReference; lastKnownFileType = sourcecode.swift; path = MyViewDetailsModel.swift; sourceTree = "<group>"; };
		E7B56AAF2638892D006BCD57 /* BadgesTallyModel.swift */ = {isa = PBXFileReference; lastKnownFileType = sourcecode.swift; path = BadgesTallyModel.swift; sourceTree = "<group>"; };
		E7F29BA82635DC9B0075D964 /* MedalHeaderCell.swift */ = {isa = PBXFileReference; lastKnownFileType = sourcecode.swift; path = MedalHeaderCell.swift; sourceTree = "<group>"; };
		E7F29BAC2635DCB70075D964 /* TeamListCell.swift */ = {isa = PBXFileReference; lastKnownFileType = sourcecode.swift; path = TeamListCell.swift; sourceTree = "<group>"; };
		ED3CF6E3F52884FE2BB52285 /* Pods-Reward.debug.xcconfig */ = {isa = PBXFileReference; includeInIndex = 1; lastKnownFileType = text.xcconfig; name = "Pods-Reward.debug.xcconfig"; path = "Target Support Files/Pods-Reward/Pods-Reward.debug.xcconfig"; sourceTree = "<group>"; };
/* End PBXFileReference section */

/* Begin PBXFrameworksBuildPhase section */
		1FAC2C072616EAE200638C59 /* Frameworks */ = {
			isa = PBXFrameworksBuildPhase;
			buildActionMask = 2147483647;
			files = (
				14861D9AA1B250E7454CCA19 /* Pods_Reward.framework in Frameworks */,
			);
			runOnlyForDeploymentPostprocessing = 0;
		};
		1FAC2C1D2616EAE900638C59 /* Frameworks */ = {
			isa = PBXFrameworksBuildPhase;
			buildActionMask = 2147483647;
			files = (
				DCC13BE58373AADBA4013FF2 /* Pods_RewardTests.framework in Frameworks */,
			);
			runOnlyForDeploymentPostprocessing = 0;
		};
/* End PBXFrameworksBuildPhase section */

/* Begin PBXGroup section */
		1F1055B82633FC6B002F8C54 /* TabBarController */ = {
			isa = PBXGroup;
			children = (
				1F1055B92633FC99002F8C54 /* TabBarController.swift */,
				1F1055C52634370E002F8C54 /* TabBarController+Delegate.swift */,
			);
			path = TabBarController;
			sourceTree = "<group>";
		};
		1FAC2C012616EAE200638C59 = {
			isa = PBXGroup;
			children = (
				1FAC2C0C2616EAE200638C59 /* Reward */,
				1FAC2C232616EAE900638C59 /* RewardTests */,
				1FAC2C0B2616EAE200638C59 /* Products */,
				3087DAF88A2ACD9E58439320 /* Pods */,
				FD0CCF834ED88C7D64717CA0 /* Frameworks */,
			);
			sourceTree = "<group>";
		};
		1FAC2C0B2616EAE200638C59 /* Products */ = {
			isa = PBXGroup;
			children = (
				1FAC2C0A2616EAE200638C59 /* Reward.app */,
				1FAC2C202616EAE900638C59 /* RewardTests.xctest */,
			);
			name = Products;
			sourceTree = "<group>";
		};
		1FAC2C0C2616EAE200638C59 /* Reward */ = {
			isa = PBXGroup;
			children = (
				1FE28B54261CD58600402A2B /* Helpers */,
				1FE28B53261CD58600402A2B /* Models */,
				1FAC2C7526183DEF00638C59 /* Supporting Files */,
				1FAC2C7026183DCA00638C59 /* Views */,
				1FAC2C6D26183D7300638C59 /* Controllers */,
				1FAC2C162616EAE900638C59 /* Assets.xcassets */,
			);
			path = Reward;
			sourceTree = "<group>";
		};
		1FAC2C232616EAE900638C59 /* RewardTests */ = {
			isa = PBXGroup;
			children = (
				1FAC2C242616EAE900638C59 /* RewardTests.swift */,
				1FAC2C262616EAE900638C59 /* Info.plist */,
			);
			path = RewardTests;
			sourceTree = "<group>";
		};
		1FAC2C6D26183D7300638C59 /* Controllers */ = {
			isa = PBXGroup;
			children = (
				E7684F3E26373F96001B66ED /* RewardStatus */,
				E70BDBC726359F8B005F52FA /* MyView */,
				E79BDE2B262C6F7F001C3C73 /* Setting */,
				1F1055B82633FC6B002F8C54 /* TabBarController */,
				1FE996722627513B00223DEC /* ClaimReward */,
				E77DE86826245BE100D20520 /* SignIn */,
				1FAC2C0D2616EAE200638C59 /* AppDelegate.swift */,
				1FAC2C0F2616EAE200638C59 /* SceneDelegate.swift */,
			);
			path = Controllers;
			sourceTree = "<group>";
		};
		1FAC2C7026183DCA00638C59 /* Views */ = {
			isa = PBXGroup;
			children = (
				1FAC2C132616EAE200638C59 /* Main.storyboard */,
				1FAC2C182616EAE900638C59 /* LaunchScreen.storyboard */,
			);
			path = Views;
			sourceTree = "<group>";
		};
		1FAC2C7526183DEF00638C59 /* Supporting Files */ = {
			isa = PBXGroup;
			children = (
				1FAC2C1B2616EAE900638C59 /* Production.plist */,
				1FAC2C7926183E7D00638C59 /* Dev.plist */,
				1FAC2C7826183E7D00638C59 /* QA.plist */,
				1FAC2C7E26183F0300638C59 /* Production.xcconfig */,
				1FAC2C7F26183F1400638C59 /* QA.xcconfig */,
				1FAC2C8026183F2400638C59 /* Dev.xcconfig */,
				1FAC2D24261A2EAE00638C59 /* R.generated.swift */,
			);
			path = "Supporting Files";
			sourceTree = "<group>";
		};
		1FE28B53261CD58600402A2B /* Models */ = {
			isa = PBXGroup;
			children = (
				E70AD5A52634317500F0FA9A /* UserProfileModel.swift */,
				E7B56AA0263887E8006BCD57 /* MyViewModel.swift */,
				E7B56AAB2638889C006BCD57 /* MyViewDetailsModel.swift */,
				E7B56AAF2638892D006BCD57 /* BadgesTallyModel.swift */,
				E7B56A94263885EF006BCD57 /* CategoryBadgesListModel.swift */,
				E7B56A9826388607006BCD57 /* CategoryBadgesModel.swift */,
				E7684F5126375F03001B66ED /* RewardListModel.swift */,
				E7684F4D26375EEF001B66ED /* RewardModel.swift */,
				E7B56A592637DBB4006BCD57 /* CategoryReasonListModel.swift */,
				E7B56A552637DBA5006BCD57 /* CategoryReasonModel.swift */,
			);
			path = Models;
			sourceTree = "<group>";
		};
		1FE28B54261CD58600402A2B /* Helpers */ = {
			isa = PBXGroup;
			children = (
				1FE28B7B261CDCAF00402A2B /* Enums */,
				1FE28B74261CDC5D00402A2B /* Protocols */,
				1FE28B6F261CDBB200402A2B /* Extensions */,
				1FE28B55261CD58600402A2B /* Structures */,
				1FE28B57261CD58600402A2B /* Classes */,
			);
			path = Helpers;
			sourceTree = "<group>";
		};
		1FE28B55261CD58600402A2B /* Structures */ = {
			isa = PBXGroup;
			children = (
				E77DE87726245CED00D20520 /* APIKeys.swift */,
				1FAD9AB4262EDE1D00B80A5A /* Constants.swift */,
				1FE28B56261CD58600402A2B /* Environment.swift */,
				1FE28B82261CDD2000402A2B /* APIRequest.swift */,
				1FE28B86261CDD4C00402A2B /* APIUrlStruct.swift */,
				1FE28B94261CDF4E00402A2B /* HTTPStatus.swift */,
				1FF6CE1F261F4F77007BF8B9 /* GlobalSettings.swift */,
				E70AD58626340E4700F0FA9A /* SettingStruct.swift */,
				E79BDE17262C518B001C3C73 /* VariableStruct.swift */,
				1F60B8352627ED4A001A2286 /* CategoryList.swift */,
			);
			path = Structures;
			sourceTree = "<group>";
		};
		1FE28B57261CD58600402A2B /* Classes */ = {
			isa = PBXGroup;
			children = (
				E7B56A632637FBA0006BCD57 /* Common.swift */,
				1FE28B58261CD58600402A2B /* RealmConfiguration.swift */,
				1FE28B59261CD58600402A2B /* RealmManager.swift */,
				1FE28B5A261CD58600402A2B /* EnvironmentUtility.swift */,
				1FE28B90261CDF0900402A2B /* APIManager.swift */,
				E70AD5822633FC3200F0FA9A /* CustomTableView.swift */,
				E79BDDFA262C357C001C3C73 /* Loader.swift */,
				1F1055BD263433AC002F8C54 /* AppSettings.swift */,
				1FE9968326276DD100223DEC /* DropDownController.swift */,
				1FFCF2AE26353BEF00E0CD50 /* Redirect.swift */,
				E7684F5526375FA2001B66ED /* ArrayTransform.swift */,
				E7B56A5F2637F677006BCD57 /* PaddingLabel.swift */,
			);
			path = Classes;
			sourceTree = "<group>";
		};
		1FE28B6F261CDBB200402A2B /* Extensions */ = {
			isa = PBXGroup;
			children = (
				E77DE87326245C8100D20520 /* NotificationName+Extensions.swift */,
				1FE28B70261CDBCD00402A2B /* Mapper+Extension.swift */,
				E7A82B85262B0EF2007E4EC2 /* UIFont+Extension.swift */,
				1F1055C12634342B002F8C54 /* UITabBar+Extension.swift */,
				E7684F2626373025001B66ED /* Int+Extension.swift */,
				E7684F59263765BD001B66ED /* CommonExtensions.swift */,
				E7B56A6926381FA1006BCD57 /* String+Extension.swift */,
				E7B56A7226385FFA006BCD57 /* UIViewController+Extension.swift */,
			);
			path = Extensions;
			sourceTree = "<group>";
		};
		1FE28B74261CDC5D00402A2B /* Protocols */ = {
			isa = PBXGroup;
			children = (
				1FE28B75261CDC7A00402A2B /* APIResponseProtocol.swift */,
				1FE9968726276F7E00223DEC /* Searchable.swift */,
			);
			path = Protocols;
			sourceTree = "<group>";
		};
		1FE28B7B261CDCAF00402A2B /* Enums */ = {
			isa = PBXGroup;
			children = (
				1FE28B7C261CDCC000402A2B /* APIUrl.swift */,
				1FE28B8C261CDEBC00402A2B /* APIHeaderKey.swift */,
				E7684F2E26373287001B66ED /* AppGlobalEnums.swift */,
			);
			path = Enums;
			sourceTree = "<group>";
		};
		1FE996722627513B00223DEC /* ClaimReward */ = {
			isa = PBXGroup;
			children = (
				1FE996752627515F00223DEC /* ClaimRewardViewController.swift */,
			);
			path = ClaimReward;
			sourceTree = "<group>";
		};
		3087DAF88A2ACD9E58439320 /* Pods */ = {
			isa = PBXGroup;
			children = (
				ED3CF6E3F52884FE2BB52285 /* Pods-Reward.debug.xcconfig */,
				3E176F6E30C1ED90162BF548 /* Pods-Reward.release.xcconfig */,
				5781B3D33C578AC6AB2CBA5B /* Pods-RewardTests.debug.xcconfig */,
				3975ACD5DDFC8F43A4A7D7A3 /* Pods-RewardTests.release.xcconfig */,
				6B1A876A211A53588C73FF80 /* Pods-Reward.release (dev).xcconfig */,
				ADE02E9B373BA1267958BE66 /* Pods-Reward.release (production).xcconfig */,
				D667C4B13F3DA83A2BED6EB4 /* Pods-Reward.release (qa).xcconfig */,
				B573FABC94C17F1CF050EFF0 /* Pods-Reward.debug (dev).xcconfig */,
				E337C7BB74752E26CFF1DDB2 /* Pods-Reward.debug (qa).xcconfig */,
				55D2C6E4BAEA77492DDF4D4D /* Pods-Reward.debug (production).xcconfig */,
				D48BDC9576A80F64CAC66CC8 /* Pods-RewardTests.release (dev).xcconfig */,
				71EBB2B35A7168A8E6ACEC24 /* Pods-RewardTests.release (production).xcconfig */,
				2B66A8663FACA9F6167EFD26 /* Pods-RewardTests.release (qa).xcconfig */,
				D99290BA55A92F60D1DCDB61 /* Pods-RewardTests.debug (dev).xcconfig */,
				18EC8EB9381FA17CDA0D3DA8 /* Pods-RewardTests.debug (qa).xcconfig */,
				92BFD410E5745CD114B78874 /* Pods-RewardTests.debug (production).xcconfig */,
			);
			path = Pods;
			sourceTree = "<group>";
		};
		E70BDBC726359F8B005F52FA /* MyView */ = {
			isa = PBXGroup;
			children = (
				E70BDBC82635A013005F52FA /* MyViewViewController.swift */,
				E7684F3626373683001B66ED /* MyViewViewController+TableViewExtension.swift */,
				E7684F3226373631001B66ED /* MyViewViewController+APIResponseProtocol.swift */,
				E7F29BA82635DC9B0075D964 /* MedalHeaderCell.swift */,
				E7F29BAC2635DCB70075D964 /* TeamListCell.swift */,
			);
			path = MyView;
			sourceTree = "<group>";
		};
		E7684F3E26373F96001B66ED /* RewardStatus */ = {
			isa = PBXGroup;
			children = (
				E7684F3A26373F75001B66ED /* RewardStatusViewController.swift */,
				E7684F4526374E17001B66ED /* RewardStatusViewController+TableViewExtension.swift */,
				E7684F4126374DEF001B66ED /* RewardStatusViewController+APIResponseProtocol.swift */,
				E7684F4926375000001B66ED /* RewardDetailCell.swift */,
				E7B56A6D26384F88006BCD57 /* Filter */,
			);
			path = RewardStatus;
			sourceTree = "<group>";
		};
		E77DE86826245BE100D20520 /* SignIn */ = {
			isa = PBXGroup;
			children = (
				E77DE86926245BEE00D20520 /* SignInViewController.swift */,
				E77DE86A26245BEE00D20520 /* SignInViewController+GIDSignInDelegate.swift */,
				E70AD5A12634285400F0FA9A /* SignInViewController+APIResponseProtocol.swift */,
			);
			path = SignIn;
			sourceTree = "<group>";
		};
		E79BDE2B262C6F7F001C3C73 /* Setting */ = {
			isa = PBXGroup;
			children = (
				E79BDE2C262C6F9C001C3C73 /* SettingsViewController.swift */,
				E70AD6012634912300F0FA9A /* SettingsViewController+TableViewExtension.swift */,
				E70AD5742633F42F00F0FA9A /* ProfileInfoCell.swift */,
				E70AD5782633F44400F0FA9A /* SettingCell.swift */,
			);
			path = Setting;
			sourceTree = "<group>";
		};
		E7B56A6D26384F88006BCD57 /* Filter */ = {
			isa = PBXGroup;
			children = (
				E7B56A6E26384FA8006BCD57 /* FilterViewController.swift */,
			);
			path = Filter;
			sourceTree = "<group>";
		};
		FD0CCF834ED88C7D64717CA0 /* Frameworks */ = {
			isa = PBXGroup;
			children = (
				40F7784DBDEE096F3794609E /* Pods_Reward.framework */,
				1F7BAF31FC450162B39A9D4E /* Pods_RewardTests.framework */,
			);
			name = Frameworks;
			sourceTree = "<group>";
		};
/* End PBXGroup section */

/* Begin PBXNativeTarget section */
		1FAC2C092616EAE200638C59 /* Reward */ = {
			isa = PBXNativeTarget;
			buildConfigurationList = 1FAC2C342616EAE900638C59 /* Build configuration list for PBXNativeTarget "Reward" */;
			buildPhases = (
				16EC827AE8E17911028B96EF /* [CP] Check Pods Manifest.lock */,
				1FAC2D19261A25CA00638C59 /* R.Swift */,
				1FAC2C062616EAE200638C59 /* Sources */,
				1FAC2C072616EAE200638C59 /* Frameworks */,
				1FAC2C082616EAE200638C59 /* Resources */,
				61431FCF65F9FE91D83292C5 /* [CP] Embed Pods Frameworks */,
				B0362F76DA36621C8B9B6319 /* [CP] Copy Pods Resources */,
			);
			buildRules = (
			);
			dependencies = (
			);
			name = Reward;
			productName = Reward;
			productReference = 1FAC2C0A2616EAE200638C59 /* Reward.app */;
			productType = "com.apple.product-type.application";
		};
		1FAC2C1F2616EAE900638C59 /* RewardTests */ = {
			isa = PBXNativeTarget;
			buildConfigurationList = 1FAC2C372616EAE900638C59 /* Build configuration list for PBXNativeTarget "RewardTests" */;
			buildPhases = (
				59035FE94B453614FCB64D3A /* [CP] Check Pods Manifest.lock */,
				1FAC2C1C2616EAE900638C59 /* Sources */,
				1FAC2C1D2616EAE900638C59 /* Frameworks */,
				1FAC2C1E2616EAE900638C59 /* Resources */,
			);
			buildRules = (
			);
			dependencies = (
				1FAC2C222616EAE900638C59 /* PBXTargetDependency */,
			);
			name = RewardTests;
			productName = RewardTests;
			productReference = 1FAC2C202616EAE900638C59 /* RewardTests.xctest */;
			productType = "com.apple.product-type.bundle.unit-test";
		};
/* End PBXNativeTarget section */

/* Begin PBXProject section */
		1FAC2C022616EAE200638C59 /* Project object */ = {
			isa = PBXProject;
			attributes = {
				LastSwiftUpdateCheck = 1230;
				LastUpgradeCheck = 1230;
				TargetAttributes = {
					1FAC2C092616EAE200638C59 = {
						CreatedOnToolsVersion = 12.3;
					};
					1FAC2C1F2616EAE900638C59 = {
						CreatedOnToolsVersion = 12.3;
						TestTargetID = 1FAC2C092616EAE200638C59;
					};
				};
			};
			buildConfigurationList = 1FAC2C052616EAE200638C59 /* Build configuration list for PBXProject "Reward" */;
			compatibilityVersion = "Xcode 9.3";
			developmentRegion = en;
			hasScannedForEncodings = 0;
			knownRegions = (
				en,
				Base,
			);
			mainGroup = 1FAC2C012616EAE200638C59;
			productRefGroup = 1FAC2C0B2616EAE200638C59 /* Products */;
			projectDirPath = "";
			projectRoot = "";
			targets = (
				1FAC2C092616EAE200638C59 /* Reward */,
				1FAC2C1F2616EAE900638C59 /* RewardTests */,
			);
		};
/* End PBXProject section */

/* Begin PBXResourcesBuildPhase section */
		1FAC2C082616EAE200638C59 /* Resources */ = {
			isa = PBXResourcesBuildPhase;
			buildActionMask = 2147483647;
			files = (
				1FAC2CB22618444F00638C59 /* Main.storyboard in Resources */,
				1FAC2CAD2618442800638C59 /* Production.plist in Resources */,
				1FAC2C7A26183E7D00638C59 /* QA.plist in Resources */,
				1FAC2C1A2616EAE900638C59 /* LaunchScreen.storyboard in Resources */,
				1FAC2C172616EAE900638C59 /* Assets.xcassets in Resources */,
				1FAC2C7B26183E7D00638C59 /* Dev.plist in Resources */,
			);
			runOnlyForDeploymentPostprocessing = 0;
		};
		1FAC2C1E2616EAE900638C59 /* Resources */ = {
			isa = PBXResourcesBuildPhase;
			buildActionMask = 2147483647;
			files = (
			);
			runOnlyForDeploymentPostprocessing = 0;
		};
/* End PBXResourcesBuildPhase section */

/* Begin PBXShellScriptBuildPhase section */
		16EC827AE8E17911028B96EF /* [CP] Check Pods Manifest.lock */ = {
			isa = PBXShellScriptBuildPhase;
			buildActionMask = 2147483647;
			files = (
			);
			inputFileListPaths = (
			);
			inputPaths = (
				"${PODS_PODFILE_DIR_PATH}/Podfile.lock",
				"${PODS_ROOT}/Manifest.lock",
			);
			name = "[CP] Check Pods Manifest.lock";
			outputFileListPaths = (
			);
			outputPaths = (
				"$(DERIVED_FILE_DIR)/Pods-Reward-checkManifestLockResult.txt",
			);
			runOnlyForDeploymentPostprocessing = 0;
			shellPath = /bin/sh;
			shellScript = "diff \"${PODS_PODFILE_DIR_PATH}/Podfile.lock\" \"${PODS_ROOT}/Manifest.lock\" > /dev/null\nif [ $? != 0 ] ; then\n    # print error to STDERR\n    echo \"error: The sandbox is not in sync with the Podfile.lock. Run 'pod install' or update your CocoaPods installation.\" >&2\n    exit 1\nfi\n# This output is used by Xcode 'outputs' to avoid re-running this script phase.\necho \"SUCCESS\" > \"${SCRIPT_OUTPUT_FILE_0}\"\n";
			showEnvVarsInLog = 0;
		};
		1FAC2D19261A25CA00638C59 /* R.Swift */ = {
			isa = PBXShellScriptBuildPhase;
			buildActionMask = 2147483647;
			files = (
			);
			inputFileListPaths = (
			);
			inputPaths = (
				"$TEMP_DIR/rswift-lastrun",
			);
			name = R.Swift;
			outputFileListPaths = (
			);
			outputPaths = (
				"$SRCROOT/Reward/Supporting Files/R.generated.swift",
			);
			runOnlyForDeploymentPostprocessing = 0;
			shellPath = /bin/sh;
			shellScript = "\"$PODS_ROOT/R.swift/rswift\" generate \"$SRCROOT/Reward/Supporting Files/R.generated.swift\"\n";
		};
		59035FE94B453614FCB64D3A /* [CP] Check Pods Manifest.lock */ = {
			isa = PBXShellScriptBuildPhase;
			buildActionMask = 2147483647;
			files = (
			);
			inputFileListPaths = (
			);
			inputPaths = (
				"${PODS_PODFILE_DIR_PATH}/Podfile.lock",
				"${PODS_ROOT}/Manifest.lock",
			);
			name = "[CP] Check Pods Manifest.lock";
			outputFileListPaths = (
			);
			outputPaths = (
				"$(DERIVED_FILE_DIR)/Pods-RewardTests-checkManifestLockResult.txt",
			);
			runOnlyForDeploymentPostprocessing = 0;
			shellPath = /bin/sh;
			shellScript = "diff \"${PODS_PODFILE_DIR_PATH}/Podfile.lock\" \"${PODS_ROOT}/Manifest.lock\" > /dev/null\nif [ $? != 0 ] ; then\n    # print error to STDERR\n    echo \"error: The sandbox is not in sync with the Podfile.lock. Run 'pod install' or update your CocoaPods installation.\" >&2\n    exit 1\nfi\n# This output is used by Xcode 'outputs' to avoid re-running this script phase.\necho \"SUCCESS\" > \"${SCRIPT_OUTPUT_FILE_0}\"\n";
			showEnvVarsInLog = 0;
		};
		61431FCF65F9FE91D83292C5 /* [CP] Embed Pods Frameworks */ = {
			isa = PBXShellScriptBuildPhase;
			buildActionMask = 2147483647;
			files = (
			);
			inputFileListPaths = (
				"${PODS_ROOT}/Target Support Files/Pods-Reward/Pods-Reward-frameworks-${CONFIGURATION}-input-files.xcfilelist",
			);
			name = "[CP] Embed Pods Frameworks";
			outputFileListPaths = (
				"${PODS_ROOT}/Target Support Files/Pods-Reward/Pods-Reward-frameworks-${CONFIGURATION}-output-files.xcfilelist",
			);
			runOnlyForDeploymentPostprocessing = 0;
			shellPath = /bin/sh;
			shellScript = "\"${PODS_ROOT}/Target Support Files/Pods-Reward/Pods-Reward-frameworks.sh\"\n";
			showEnvVarsInLog = 0;
		};
		B0362F76DA36621C8B9B6319 /* [CP] Copy Pods Resources */ = {
			isa = PBXShellScriptBuildPhase;
			buildActionMask = 2147483647;
			files = (
			);
			inputFileListPaths = (
				"${PODS_ROOT}/Target Support Files/Pods-Reward/Pods-Reward-resources-${CONFIGURATION}-input-files.xcfilelist",
			);
			name = "[CP] Copy Pods Resources";
			outputFileListPaths = (
				"${PODS_ROOT}/Target Support Files/Pods-Reward/Pods-Reward-resources-${CONFIGURATION}-output-files.xcfilelist",
			);
			runOnlyForDeploymentPostprocessing = 0;
			shellPath = /bin/sh;
			shellScript = "\"${PODS_ROOT}/Target Support Files/Pods-Reward/Pods-Reward-resources.sh\"\n";
			showEnvVarsInLog = 0;
		};
/* End PBXShellScriptBuildPhase section */

/* Begin PBXSourcesBuildPhase section */
		1FAC2C062616EAE200638C59 /* Sources */ = {
			isa = PBXSourcesBuildPhase;
			buildActionMask = 2147483647;
			files = (
				E70AD5832633FC3200F0FA9A /* CustomTableView.swift in Sources */,
				E77DE86B26245BEE00D20520 /* SignInViewController.swift in Sources */,
				E79BDE2D262C6F9C001C3C73 /* SettingsViewController.swift in Sources */,
				E7B56A5A2637DBB4006BCD57 /* CategoryReasonListModel.swift in Sources */,
				E70AD5792633F44400F0FA9A /* SettingCell.swift in Sources */,
				E7F29BA92635DC9B0075D964 /* MedalHeaderCell.swift in Sources */,
				1FAC2C0E2616EAE200638C59 /* AppDelegate.swift in Sources */,
				1FE28B5E261CD58600402A2B /* EnvironmentUtility.swift in Sources */,
				1FE9968426276DD200223DEC /* DropDownController.swift in Sources */,
				1FE28B7D261CDCC000402A2B /* APIUrl.swift in Sources */,
				E7684F5A263765BD001B66ED /* CommonExtensions.swift in Sources */,
				E7B56AAC2638889C006BCD57 /* MyViewDetailsModel.swift in Sources */,
				E7684F3B26373F75001B66ED /* RewardStatusViewController.swift in Sources */,
				1FE28B87261CDD4C00402A2B /* APIUrlStruct.swift in Sources */,
				E7B56AB02638892D006BCD57 /* BadgesTallyModel.swift in Sources */,
				E7684F2F26373287001B66ED /* AppGlobalEnums.swift in Sources */,
				E7B56A602637F677006BCD57 /* PaddingLabel.swift in Sources */,
				E7B56A642637FBA0006BCD57 /* Common.swift in Sources */,
				E77DE87826245CED00D20520 /* APIKeys.swift in Sources */,
				E7684F4626374E18001B66ED /* RewardStatusViewController+TableViewExtension.swift in Sources */,
				E7B56A7326385FFA006BCD57 /* UIViewController+Extension.swift in Sources */,
				1FE28B8D261CDEBC00402A2B /* APIHeaderKey.swift in Sources */,
				E79BDE18262C518B001C3C73 /* VariableStruct.swift in Sources */,
				E7684F4A26375000001B66ED /* RewardDetailCell.swift in Sources */,
				1F60B8362627ED4A001A2286 /* CategoryList.swift in Sources */,
				1FE9968826276F7E00223DEC /* Searchable.swift in Sources */,
				1FAC2C0E2616EAE200638C59 /* AppDelegate.swift in Sources */,
				1FE28B76261CDC7A00402A2B /* APIResponseProtocol.swift in Sources */,
				E7B56A562637DBA5006BCD57 /* CategoryReasonModel.swift in Sources */,
				1FE28B5D261CD58600402A2B /* RealmManager.swift in Sources */,
				E7A82B86262B0EF2007E4EC2 /* UIFont+Extension.swift in Sources */,
				1FE28B71261CDBCD00402A2B /* Mapper+Extension.swift in Sources */,
				E7684F3326373632001B66ED /* MyViewViewController+APIResponseProtocol.swift in Sources */,
				1FFCF2AF26353BEF00E0CD50 /* Redirect.swift in Sources */,
				E7F29BAD2635DCB70075D964 /* TeamListCell.swift in Sources */,
				1F1055BE263433AE002F8C54 /* AppSettings.swift in Sources */,
				1FE28B5C261CD58600402A2B /* RealmConfiguration.swift in Sources */,
				E70AD58726340E4700F0FA9A /* SettingStruct.swift in Sources */,
				1F1055C22634342B002F8C54 /* UITabBar+Extension.swift in Sources */,
				E7684F4E26375EEF001B66ED /* RewardModel.swift in Sources */,
				E7684F5626375FA2001B66ED /* ArrayTransform.swift in Sources */,
				1FE28B5B261CD58600402A2B /* Environment.swift in Sources */,
				E79BDDFB262C357C001C3C73 /* Loader.swift in Sources */,
				1F1055BA2633FC9A002F8C54 /* TabBarController.swift in Sources */,
				1FF6CE20261F4F77007BF8B9 /* GlobalSettings.swift in Sources */,
				1FAC2C102616EAE200638C59 /* SceneDelegate.swift in Sources */,
				E7684F2726373025001B66ED /* Int+Extension.swift in Sources */,
				E70AD5A62634317500F0FA9A /* UserProfileModel.swift in Sources */,
				E7684F4226374DEF001B66ED /* RewardStatusViewController+APIResponseProtocol.swift in Sources */,
				1FE28B91261CDF0900402A2B /* APIManager.swift in Sources */,
				E7B56A9926388607006BCD57 /* CategoryBadgesModel.swift in Sources */,
				E70AD5A22634285400F0FA9A /* SignInViewController+APIResponseProtocol.swift in Sources */,
				1FAD9AB5262EDE1E00B80A5A /* Constants.swift in Sources */,
				E77DE86C26245BEE00D20520 /* SignInViewController+GIDSignInDelegate.swift in Sources */,
				1FE28B83261CDD2000402A2B /* APIRequest.swift in Sources */,
				E70AD5752633F42F00F0FA9A /* ProfileInfoCell.swift in Sources */,
				1F1055C62634370E002F8C54 /* TabBarController+Delegate.swift in Sources */,
				E7B56A95263885EF006BCD57 /* CategoryBadgesListModel.swift in Sources */,
				1FE996762627515F00223DEC /* ClaimRewardViewController.swift in Sources */,
				E7B56AA1263887E8006BCD57 /* MyViewModel.swift in Sources */,
				E77DE87426245C8200D20520 /* NotificationName+Extensions.swift in Sources */,
				E7B56A6A26381FA1006BCD57 /* String+Extension.swift in Sources */,
				E70BDBC92635A013005F52FA /* MyViewViewController.swift in Sources */,
				E7B56A6F26384FA8006BCD57 /* FilterViewController.swift in Sources */,
				1FAC2D25261A2EAE00638C59 /* R.generated.swift in Sources */,
				1FE28B95261CDF4E00402A2B /* HTTPStatus.swift in Sources */,
				E70AD6022634912300F0FA9A /* SettingsViewController+TableViewExtension.swift in Sources */,
				E7684F5226375F03001B66ED /* RewardListModel.swift in Sources */,
				E7684F3726373683001B66ED /* MyViewViewController+TableViewExtension.swift in Sources */,
			);
			runOnlyForDeploymentPostprocessing = 0;
		};
		1FAC2C1C2616EAE900638C59 /* Sources */ = {
			isa = PBXSourcesBuildPhase;
			buildActionMask = 2147483647;
			files = (
				1FAC2C252616EAE900638C59 /* RewardTests.swift in Sources */,
			);
			runOnlyForDeploymentPostprocessing = 0;
		};
/* End PBXSourcesBuildPhase section */

/* Begin PBXTargetDependency section */
		1FAC2C222616EAE900638C59 /* PBXTargetDependency */ = {
			isa = PBXTargetDependency;
			target = 1FAC2C092616EAE200638C59 /* Reward */;
			targetProxy = 1FAC2C212616EAE900638C59 /* PBXContainerItemProxy */;
		};
/* End PBXTargetDependency section */

/* Begin PBXVariantGroup section */
		1FAC2C132616EAE200638C59 /* Main.storyboard */ = {
			isa = PBXVariantGroup;
			children = (
				1FAC2C142616EAE200638C59 /* Base */,
			);
			name = Main.storyboard;
			sourceTree = "<group>";
		};
		1FAC2C182616EAE900638C59 /* LaunchScreen.storyboard */ = {
			isa = PBXVariantGroup;
			children = (
				1FAC2C192616EAE900638C59 /* Base */,
			);
			name = LaunchScreen.storyboard;
			sourceTree = "<group>";
		};
/* End PBXVariantGroup section */

/* Begin XCBuildConfiguration section */
		1FAC2C332616EAE900638C59 /* Release (Dev) */ = {
			isa = XCBuildConfiguration;
			baseConfigurationReference = 1FAC2C8026183F2400638C59 /* Dev.xcconfig */;
			buildSettings = {
				ALWAYS_SEARCH_USER_PATHS = NO;
				CLANG_ANALYZER_NONNULL = YES;
				CLANG_ANALYZER_NUMBER_OBJECT_CONVERSION = YES_AGGRESSIVE;
				CLANG_CXX_LANGUAGE_STANDARD = "gnu++14";
				CLANG_CXX_LIBRARY = "libc++";
				CLANG_ENABLE_MODULES = YES;
				CLANG_ENABLE_OBJC_ARC = YES;
				CLANG_ENABLE_OBJC_WEAK = YES;
				CLANG_WARN_BLOCK_CAPTURE_AUTORELEASING = YES;
				CLANG_WARN_BOOL_CONVERSION = YES;
				CLANG_WARN_COMMA = YES;
				CLANG_WARN_CONSTANT_CONVERSION = YES;
				CLANG_WARN_DEPRECATED_OBJC_IMPLEMENTATIONS = YES;
				CLANG_WARN_DIRECT_OBJC_ISA_USAGE = YES_ERROR;
				CLANG_WARN_DOCUMENTATION_COMMENTS = YES;
				CLANG_WARN_EMPTY_BODY = YES;
				CLANG_WARN_ENUM_CONVERSION = YES;
				CLANG_WARN_INFINITE_RECURSION = YES;
				CLANG_WARN_INT_CONVERSION = YES;
				CLANG_WARN_NON_LITERAL_NULL_CONVERSION = YES;
				CLANG_WARN_OBJC_IMPLICIT_RETAIN_SELF = YES;
				CLANG_WARN_OBJC_LITERAL_CONVERSION = YES;
				CLANG_WARN_OBJC_ROOT_CLASS = YES_ERROR;
				CLANG_WARN_QUOTED_INCLUDE_IN_FRAMEWORK_HEADER = YES;
				CLANG_WARN_RANGE_LOOP_ANALYSIS = YES;
				CLANG_WARN_STRICT_PROTOTYPES = YES;
				CLANG_WARN_SUSPICIOUS_MOVE = YES;
				CLANG_WARN_UNGUARDED_AVAILABILITY = YES_AGGRESSIVE;
				CLANG_WARN_UNREACHABLE_CODE = YES;
				CLANG_WARN__DUPLICATE_METHOD_MATCH = YES;
				COPY_PHASE_STRIP = NO;
				DEBUG_INFORMATION_FORMAT = "dwarf-with-dsym";
				ENABLE_NS_ASSERTIONS = NO;
				ENABLE_STRICT_OBJC_MSGSEND = YES;
				GCC_C_LANGUAGE_STANDARD = gnu11;
				GCC_NO_COMMON_BLOCKS = YES;
				GCC_WARN_64_TO_32_BIT_CONVERSION = YES;
				GCC_WARN_ABOUT_RETURN_TYPE = YES_ERROR;
				GCC_WARN_UNDECLARED_SELECTOR = YES;
				GCC_WARN_UNINITIALIZED_AUTOS = YES_AGGRESSIVE;
				GCC_WARN_UNUSED_FUNCTION = YES;
				GCC_WARN_UNUSED_VARIABLE = YES;
				IPHONEOS_DEPLOYMENT_TARGET = 14.0;
				MTL_ENABLE_DEBUG_INFO = NO;
				MTL_FAST_MATH = YES;
				SDKROOT = iphoneos;
				SWIFT_COMPILATION_MODE = wholemodule;
				SWIFT_OPTIMIZATION_LEVEL = "-O";
				VALIDATE_PRODUCT = YES;
			};
			name = "Release (Dev)";
		};
		1FAC2C362616EAE900638C59 /* Release (Dev) */ = {
			isa = XCBuildConfiguration;
			baseConfigurationReference = 1FAC2C8026183F2400638C59 /* Dev.xcconfig */;
			buildSettings = {
				ASSETCATALOG_COMPILER_APPICON_NAME = "AppIcon${bundle_id_suffix}";
				ASSETCATALOG_COMPILER_GLOBAL_ACCENT_COLOR_NAME = AccentColor;
				CODE_SIGN_STYLE = Automatic;
				EXCLUDED_ARCHS = arm64;
				GCC_OPTIMIZATION_LEVEL = s;
				INFOPLIST_FILE = "Reward/Supporting Files/Dev.plist";
				IPHONEOS_DEPLOYMENT_TARGET = 14.0;
				LD_RUNPATH_SEARCH_PATHS = (
					"$(inherited)",
					"@executable_path/Frameworks",
				);
				PRODUCT_BUNDLE_IDENTIFIER = com.kiprosh.Reward;
				PRODUCT_NAME = "$(TARGET_NAME)";
				SWIFT_VERSION = 5.0;
				TARGETED_DEVICE_FAMILY = "1,2";
				bundle_id_suffix = Dev;
			};
			name = "Release (Dev)";
		};
		1FAC2C392616EAE900638C59 /* Release (Dev) */ = {
			isa = XCBuildConfiguration;
			baseConfigurationReference = 1FAC2C8026183F2400638C59 /* Dev.xcconfig */;
			buildSettings = {
				ALWAYS_EMBED_SWIFT_STANDARD_LIBRARIES = YES;
				BUNDLE_LOADER = "$(TEST_HOST)";
				CODE_SIGN_STYLE = Automatic;
				INFOPLIST_FILE = RewardTests/Info.plist;
				IPHONEOS_DEPLOYMENT_TARGET = 14.3;
				LD_RUNPATH_SEARCH_PATHS = (
					"$(inherited)",
					"@executable_path/Frameworks",
					"@loader_path/Frameworks",
				);
				PRODUCT_BUNDLE_IDENTIFIER = com.kiprosh.RewardTests;
				PRODUCT_NAME = "$(TARGET_NAME)";
				SWIFT_VERSION = 5.0;
				TARGETED_DEVICE_FAMILY = "1,2";
				TEST_HOST = "$(BUILT_PRODUCTS_DIR)/Reward.app/Reward";
			};
			name = "Release (Dev)";
		};
		1FAC2C5E26183C9700638C59 /* Debug (Dev) */ = {
			isa = XCBuildConfiguration;
			baseConfigurationReference = 1FAC2C8026183F2400638C59 /* Dev.xcconfig */;
			buildSettings = {
				ALWAYS_SEARCH_USER_PATHS = NO;
				CLANG_ANALYZER_NONNULL = YES;
				CLANG_ANALYZER_NUMBER_OBJECT_CONVERSION = YES_AGGRESSIVE;
				CLANG_CXX_LANGUAGE_STANDARD = "gnu++14";
				CLANG_CXX_LIBRARY = "libc++";
				CLANG_ENABLE_MODULES = YES;
				CLANG_ENABLE_OBJC_ARC = YES;
				CLANG_ENABLE_OBJC_WEAK = YES;
				CLANG_WARN_BLOCK_CAPTURE_AUTORELEASING = YES;
				CLANG_WARN_BOOL_CONVERSION = YES;
				CLANG_WARN_COMMA = YES;
				CLANG_WARN_CONSTANT_CONVERSION = YES;
				CLANG_WARN_DEPRECATED_OBJC_IMPLEMENTATIONS = YES;
				CLANG_WARN_DIRECT_OBJC_ISA_USAGE = YES_ERROR;
				CLANG_WARN_DOCUMENTATION_COMMENTS = YES;
				CLANG_WARN_EMPTY_BODY = YES;
				CLANG_WARN_ENUM_CONVERSION = YES;
				CLANG_WARN_INFINITE_RECURSION = YES;
				CLANG_WARN_INT_CONVERSION = YES;
				CLANG_WARN_NON_LITERAL_NULL_CONVERSION = YES;
				CLANG_WARN_OBJC_IMPLICIT_RETAIN_SELF = YES;
				CLANG_WARN_OBJC_LITERAL_CONVERSION = YES;
				CLANG_WARN_OBJC_ROOT_CLASS = YES_ERROR;
				CLANG_WARN_QUOTED_INCLUDE_IN_FRAMEWORK_HEADER = YES;
				CLANG_WARN_RANGE_LOOP_ANALYSIS = YES;
				CLANG_WARN_STRICT_PROTOTYPES = YES;
				CLANG_WARN_SUSPICIOUS_MOVE = YES;
				CLANG_WARN_UNGUARDED_AVAILABILITY = YES_AGGRESSIVE;
				CLANG_WARN_UNREACHABLE_CODE = YES;
				CLANG_WARN__DUPLICATE_METHOD_MATCH = YES;
				COPY_PHASE_STRIP = NO;
				DEBUG_INFORMATION_FORMAT = "dwarf-with-dsym";
				ENABLE_NS_ASSERTIONS = NO;
				ENABLE_STRICT_OBJC_MSGSEND = YES;
				GCC_C_LANGUAGE_STANDARD = gnu11;
				GCC_NO_COMMON_BLOCKS = YES;
				GCC_WARN_64_TO_32_BIT_CONVERSION = YES;
				GCC_WARN_ABOUT_RETURN_TYPE = YES_ERROR;
				GCC_WARN_UNDECLARED_SELECTOR = YES;
				GCC_WARN_UNINITIALIZED_AUTOS = YES_AGGRESSIVE;
				GCC_WARN_UNUSED_FUNCTION = YES;
				GCC_WARN_UNUSED_VARIABLE = YES;
				IPHONEOS_DEPLOYMENT_TARGET = 14.0;
				MTL_ENABLE_DEBUG_INFO = NO;
				MTL_FAST_MATH = YES;
				SDKROOT = iphoneos;
				SWIFT_COMPILATION_MODE = wholemodule;
				SWIFT_OPTIMIZATION_LEVEL = "-O";
				VALIDATE_PRODUCT = YES;
			};
			name = "Debug (Dev)";
		};
		1FAC2C5F26183C9700638C59 /* Debug (Dev) */ = {
			isa = XCBuildConfiguration;
			baseConfigurationReference = 1FAC2C8026183F2400638C59 /* Dev.xcconfig */;
			buildSettings = {
				ASSETCATALOG_COMPILER_APPICON_NAME = "AppIcon${bundle_id_suffix}";
				ASSETCATALOG_COMPILER_GLOBAL_ACCENT_COLOR_NAME = AccentColor;
				CODE_SIGN_STYLE = Automatic;
				EXCLUDED_ARCHS = arm64;
				GCC_OPTIMIZATION_LEVEL = 3;
				INFOPLIST_FILE = "Reward/Supporting Files/Dev.plist";
				IPHONEOS_DEPLOYMENT_TARGET = 14.0;
				LD_RUNPATH_SEARCH_PATHS = (
					"$(inherited)",
					"@executable_path/Frameworks",
				);
				PRODUCT_BUNDLE_IDENTIFIER = com.kiprosh.Reward;
				PRODUCT_NAME = "$(TARGET_NAME)";
				SWIFT_OPTIMIZATION_LEVEL = "-Onone";
				SWIFT_VERSION = 5.0;
				TARGETED_DEVICE_FAMILY = "1,2";
				bundle_id_suffix = Dev;
			};
			name = "Debug (Dev)";
		};
		1FAC2C6026183C9700638C59 /* Debug (Dev) */ = {
			isa = XCBuildConfiguration;
			baseConfigurationReference = 1FAC2C8026183F2400638C59 /* Dev.xcconfig */;
			buildSettings = {
				ALWAYS_EMBED_SWIFT_STANDARD_LIBRARIES = YES;
				BUNDLE_LOADER = "$(TEST_HOST)";
				CODE_SIGN_STYLE = Automatic;
				INFOPLIST_FILE = RewardTests/Info.plist;
				IPHONEOS_DEPLOYMENT_TARGET = 14.3;
				LD_RUNPATH_SEARCH_PATHS = (
					"$(inherited)",
					"@executable_path/Frameworks",
					"@loader_path/Frameworks",
				);
				PRODUCT_BUNDLE_IDENTIFIER = com.kiprosh.RewardTests;
				PRODUCT_NAME = "$(TARGET_NAME)";
				SWIFT_VERSION = 5.0;
				TARGETED_DEVICE_FAMILY = "1,2";
				TEST_HOST = "$(BUILT_PRODUCTS_DIR)/Reward.app/Reward";
			};
			name = "Debug (Dev)";
		};
		1FAC2C6126183CA900638C59 /* Debug (QA) */ = {
			isa = XCBuildConfiguration;
			baseConfigurationReference = 1FAC2C7F26183F1400638C59 /* QA.xcconfig */;
			buildSettings = {
				ALWAYS_SEARCH_USER_PATHS = NO;
				CLANG_ANALYZER_NONNULL = YES;
				CLANG_ANALYZER_NUMBER_OBJECT_CONVERSION = YES_AGGRESSIVE;
				CLANG_CXX_LANGUAGE_STANDARD = "gnu++14";
				CLANG_CXX_LIBRARY = "libc++";
				CLANG_ENABLE_MODULES = YES;
				CLANG_ENABLE_OBJC_ARC = YES;
				CLANG_ENABLE_OBJC_WEAK = YES;
				CLANG_WARN_BLOCK_CAPTURE_AUTORELEASING = YES;
				CLANG_WARN_BOOL_CONVERSION = YES;
				CLANG_WARN_COMMA = YES;
				CLANG_WARN_CONSTANT_CONVERSION = YES;
				CLANG_WARN_DEPRECATED_OBJC_IMPLEMENTATIONS = YES;
				CLANG_WARN_DIRECT_OBJC_ISA_USAGE = YES_ERROR;
				CLANG_WARN_DOCUMENTATION_COMMENTS = YES;
				CLANG_WARN_EMPTY_BODY = YES;
				CLANG_WARN_ENUM_CONVERSION = YES;
				CLANG_WARN_INFINITE_RECURSION = YES;
				CLANG_WARN_INT_CONVERSION = YES;
				CLANG_WARN_NON_LITERAL_NULL_CONVERSION = YES;
				CLANG_WARN_OBJC_IMPLICIT_RETAIN_SELF = YES;
				CLANG_WARN_OBJC_LITERAL_CONVERSION = YES;
				CLANG_WARN_OBJC_ROOT_CLASS = YES_ERROR;
				CLANG_WARN_QUOTED_INCLUDE_IN_FRAMEWORK_HEADER = YES;
				CLANG_WARN_RANGE_LOOP_ANALYSIS = YES;
				CLANG_WARN_STRICT_PROTOTYPES = YES;
				CLANG_WARN_SUSPICIOUS_MOVE = YES;
				CLANG_WARN_UNGUARDED_AVAILABILITY = YES_AGGRESSIVE;
				CLANG_WARN_UNREACHABLE_CODE = YES;
				CLANG_WARN__DUPLICATE_METHOD_MATCH = YES;
				COPY_PHASE_STRIP = NO;
				DEBUG_INFORMATION_FORMAT = "dwarf-with-dsym";
				ENABLE_NS_ASSERTIONS = NO;
				ENABLE_STRICT_OBJC_MSGSEND = YES;
				GCC_C_LANGUAGE_STANDARD = gnu11;
				GCC_NO_COMMON_BLOCKS = YES;
				GCC_WARN_64_TO_32_BIT_CONVERSION = YES;
				GCC_WARN_ABOUT_RETURN_TYPE = YES_ERROR;
				GCC_WARN_UNDECLARED_SELECTOR = YES;
				GCC_WARN_UNINITIALIZED_AUTOS = YES_AGGRESSIVE;
				GCC_WARN_UNUSED_FUNCTION = YES;
				GCC_WARN_UNUSED_VARIABLE = YES;
				IPHONEOS_DEPLOYMENT_TARGET = 14.0;
				MTL_ENABLE_DEBUG_INFO = NO;
				MTL_FAST_MATH = YES;
				SDKROOT = iphoneos;
				SWIFT_COMPILATION_MODE = wholemodule;
				SWIFT_OPTIMIZATION_LEVEL = "-O";
				VALIDATE_PRODUCT = YES;
			};
			name = "Debug (QA)";
		};
		1FAC2C6226183CA900638C59 /* Debug (QA) */ = {
			isa = XCBuildConfiguration;
			baseConfigurationReference = 1FAC2C7F26183F1400638C59 /* QA.xcconfig */;
			buildSettings = {
				ASSETCATALOG_COMPILER_APPICON_NAME = "AppIcon${bundle_id_suffix}";
				ASSETCATALOG_COMPILER_GLOBAL_ACCENT_COLOR_NAME = AccentColor;
				CODE_SIGN_STYLE = Automatic;
				EXCLUDED_ARCHS = arm64;
				GCC_OPTIMIZATION_LEVEL = 3;
				INFOPLIST_FILE = "Reward/Supporting Files/QA.plist";
				IPHONEOS_DEPLOYMENT_TARGET = 14.0;
				LD_RUNPATH_SEARCH_PATHS = (
					"$(inherited)",
					"@executable_path/Frameworks",
				);
				PRODUCT_BUNDLE_IDENTIFIER = com.kiprosh.Reward;
				PRODUCT_NAME = "$(TARGET_NAME)";
				SWIFT_OPTIMIZATION_LEVEL = "-Onone";
				SWIFT_VERSION = 5.0;
				TARGETED_DEVICE_FAMILY = "1,2";
				bundle_id_suffix = QA;
			};
			name = "Debug (QA)";
		};
		1FAC2C6326183CA900638C59 /* Debug (QA) */ = {
			isa = XCBuildConfiguration;
			baseConfigurationReference = 1FAC2C7F26183F1400638C59 /* QA.xcconfig */;
			buildSettings = {
				ALWAYS_EMBED_SWIFT_STANDARD_LIBRARIES = YES;
				BUNDLE_LOADER = "$(TEST_HOST)";
				CODE_SIGN_STYLE = Automatic;
				INFOPLIST_FILE = RewardTests/Info.plist;
				IPHONEOS_DEPLOYMENT_TARGET = 14.3;
				LD_RUNPATH_SEARCH_PATHS = (
					"$(inherited)",
					"@executable_path/Frameworks",
					"@loader_path/Frameworks",
				);
				PRODUCT_BUNDLE_IDENTIFIER = com.kiprosh.RewardTests;
				PRODUCT_NAME = "$(TARGET_NAME)";
				SWIFT_VERSION = 5.0;
				TARGETED_DEVICE_FAMILY = "1,2";
				TEST_HOST = "$(BUILT_PRODUCTS_DIR)/Reward.app/Reward";
			};
			name = "Debug (QA)";
		};
		1FAC2C6426183CB300638C59 /* Debug (Production) */ = {
			isa = XCBuildConfiguration;
			baseConfigurationReference = 1FAC2C7E26183F0300638C59 /* Production.xcconfig */;
			buildSettings = {
				ALWAYS_SEARCH_USER_PATHS = NO;
				CLANG_ANALYZER_NONNULL = YES;
				CLANG_ANALYZER_NUMBER_OBJECT_CONVERSION = YES_AGGRESSIVE;
				CLANG_CXX_LANGUAGE_STANDARD = "gnu++14";
				CLANG_CXX_LIBRARY = "libc++";
				CLANG_ENABLE_MODULES = YES;
				CLANG_ENABLE_OBJC_ARC = YES;
				CLANG_ENABLE_OBJC_WEAK = YES;
				CLANG_WARN_BLOCK_CAPTURE_AUTORELEASING = YES;
				CLANG_WARN_BOOL_CONVERSION = YES;
				CLANG_WARN_COMMA = YES;
				CLANG_WARN_CONSTANT_CONVERSION = YES;
				CLANG_WARN_DEPRECATED_OBJC_IMPLEMENTATIONS = YES;
				CLANG_WARN_DIRECT_OBJC_ISA_USAGE = YES_ERROR;
				CLANG_WARN_DOCUMENTATION_COMMENTS = YES;
				CLANG_WARN_EMPTY_BODY = YES;
				CLANG_WARN_ENUM_CONVERSION = YES;
				CLANG_WARN_INFINITE_RECURSION = YES;
				CLANG_WARN_INT_CONVERSION = YES;
				CLANG_WARN_NON_LITERAL_NULL_CONVERSION = YES;
				CLANG_WARN_OBJC_IMPLICIT_RETAIN_SELF = YES;
				CLANG_WARN_OBJC_LITERAL_CONVERSION = YES;
				CLANG_WARN_OBJC_ROOT_CLASS = YES_ERROR;
				CLANG_WARN_QUOTED_INCLUDE_IN_FRAMEWORK_HEADER = YES;
				CLANG_WARN_RANGE_LOOP_ANALYSIS = YES;
				CLANG_WARN_STRICT_PROTOTYPES = YES;
				CLANG_WARN_SUSPICIOUS_MOVE = YES;
				CLANG_WARN_UNGUARDED_AVAILABILITY = YES_AGGRESSIVE;
				CLANG_WARN_UNREACHABLE_CODE = YES;
				CLANG_WARN__DUPLICATE_METHOD_MATCH = YES;
				COPY_PHASE_STRIP = NO;
				DEBUG_INFORMATION_FORMAT = "dwarf-with-dsym";
				ENABLE_NS_ASSERTIONS = NO;
				ENABLE_STRICT_OBJC_MSGSEND = YES;
				GCC_C_LANGUAGE_STANDARD = gnu11;
				GCC_NO_COMMON_BLOCKS = YES;
				GCC_WARN_64_TO_32_BIT_CONVERSION = YES;
				GCC_WARN_ABOUT_RETURN_TYPE = YES_ERROR;
				GCC_WARN_UNDECLARED_SELECTOR = YES;
				GCC_WARN_UNINITIALIZED_AUTOS = YES_AGGRESSIVE;
				GCC_WARN_UNUSED_FUNCTION = YES;
				GCC_WARN_UNUSED_VARIABLE = YES;
				IPHONEOS_DEPLOYMENT_TARGET = 14.0;
				MTL_ENABLE_DEBUG_INFO = NO;
				MTL_FAST_MATH = YES;
				SDKROOT = iphoneos;
				SWIFT_COMPILATION_MODE = wholemodule;
				SWIFT_OPTIMIZATION_LEVEL = "-O";
				VALIDATE_PRODUCT = YES;
			};
			name = "Debug (Production)";
		};
		1FAC2C6526183CB300638C59 /* Debug (Production) */ = {
			isa = XCBuildConfiguration;
			baseConfigurationReference = 1FAC2C7E26183F0300638C59 /* Production.xcconfig */;
			buildSettings = {
				ASSETCATALOG_COMPILER_APPICON_NAME = "AppIcon${bundle_id_suffix}";
				ASSETCATALOG_COMPILER_GLOBAL_ACCENT_COLOR_NAME = AccentColor;
				CODE_SIGN_STYLE = Automatic;
				EXCLUDED_ARCHS = arm64;
				GCC_OPTIMIZATION_LEVEL = 3;
				INFOPLIST_FILE = "Reward/Supporting Files/Production.plist";
				IPHONEOS_DEPLOYMENT_TARGET = 14.0;
				LD_RUNPATH_SEARCH_PATHS = (
					"$(inherited)",
					"@executable_path/Frameworks",
				);
				PRODUCT_BUNDLE_IDENTIFIER = com.kiprosh.Reward;
				PRODUCT_NAME = "$(TARGET_NAME)";
				SWIFT_OPTIMIZATION_LEVEL = "-Onone";
				SWIFT_VERSION = 5.0;
				TARGETED_DEVICE_FAMILY = "1,2";
				bundle_id_suffix = "";
			};
			name = "Debug (Production)";
		};
		1FAC2C6626183CB300638C59 /* Debug (Production) */ = {
			isa = XCBuildConfiguration;
			baseConfigurationReference = 1FAC2C7E26183F0300638C59 /* Production.xcconfig */;
			buildSettings = {
				ALWAYS_EMBED_SWIFT_STANDARD_LIBRARIES = YES;
				BUNDLE_LOADER = "$(TEST_HOST)";
				CODE_SIGN_STYLE = Automatic;
				INFOPLIST_FILE = RewardTests/Info.plist;
				IPHONEOS_DEPLOYMENT_TARGET = 14.3;
				LD_RUNPATH_SEARCH_PATHS = (
					"$(inherited)",
					"@executable_path/Frameworks",
					"@loader_path/Frameworks",
				);
				PRODUCT_BUNDLE_IDENTIFIER = com.kiprosh.RewardTests;
				PRODUCT_NAME = "$(TARGET_NAME)";
				SWIFT_VERSION = 5.0;
				TARGETED_DEVICE_FAMILY = "1,2";
				TEST_HOST = "$(BUILT_PRODUCTS_DIR)/Reward.app/Reward";
			};
			name = "Debug (Production)";
		};
		1FAC2C6726183CCD00638C59 /* Release (QA) */ = {
			isa = XCBuildConfiguration;
			baseConfigurationReference = 1FAC2C7F26183F1400638C59 /* QA.xcconfig */;
			buildSettings = {
				ALWAYS_SEARCH_USER_PATHS = NO;
				CLANG_ANALYZER_NONNULL = YES;
				CLANG_ANALYZER_NUMBER_OBJECT_CONVERSION = YES_AGGRESSIVE;
				CLANG_CXX_LANGUAGE_STANDARD = "gnu++14";
				CLANG_CXX_LIBRARY = "libc++";
				CLANG_ENABLE_MODULES = YES;
				CLANG_ENABLE_OBJC_ARC = YES;
				CLANG_ENABLE_OBJC_WEAK = YES;
				CLANG_WARN_BLOCK_CAPTURE_AUTORELEASING = YES;
				CLANG_WARN_BOOL_CONVERSION = YES;
				CLANG_WARN_COMMA = YES;
				CLANG_WARN_CONSTANT_CONVERSION = YES;
				CLANG_WARN_DEPRECATED_OBJC_IMPLEMENTATIONS = YES;
				CLANG_WARN_DIRECT_OBJC_ISA_USAGE = YES_ERROR;
				CLANG_WARN_DOCUMENTATION_COMMENTS = YES;
				CLANG_WARN_EMPTY_BODY = YES;
				CLANG_WARN_ENUM_CONVERSION = YES;
				CLANG_WARN_INFINITE_RECURSION = YES;
				CLANG_WARN_INT_CONVERSION = YES;
				CLANG_WARN_NON_LITERAL_NULL_CONVERSION = YES;
				CLANG_WARN_OBJC_IMPLICIT_RETAIN_SELF = YES;
				CLANG_WARN_OBJC_LITERAL_CONVERSION = YES;
				CLANG_WARN_OBJC_ROOT_CLASS = YES_ERROR;
				CLANG_WARN_QUOTED_INCLUDE_IN_FRAMEWORK_HEADER = YES;
				CLANG_WARN_RANGE_LOOP_ANALYSIS = YES;
				CLANG_WARN_STRICT_PROTOTYPES = YES;
				CLANG_WARN_SUSPICIOUS_MOVE = YES;
				CLANG_WARN_UNGUARDED_AVAILABILITY = YES_AGGRESSIVE;
				CLANG_WARN_UNREACHABLE_CODE = YES;
				CLANG_WARN__DUPLICATE_METHOD_MATCH = YES;
				COPY_PHASE_STRIP = NO;
				DEBUG_INFORMATION_FORMAT = "dwarf-with-dsym";
				ENABLE_NS_ASSERTIONS = NO;
				ENABLE_STRICT_OBJC_MSGSEND = YES;
				GCC_C_LANGUAGE_STANDARD = gnu11;
				GCC_NO_COMMON_BLOCKS = YES;
				GCC_WARN_64_TO_32_BIT_CONVERSION = YES;
				GCC_WARN_ABOUT_RETURN_TYPE = YES_ERROR;
				GCC_WARN_UNDECLARED_SELECTOR = YES;
				GCC_WARN_UNINITIALIZED_AUTOS = YES_AGGRESSIVE;
				GCC_WARN_UNUSED_FUNCTION = YES;
				GCC_WARN_UNUSED_VARIABLE = YES;
				IPHONEOS_DEPLOYMENT_TARGET = 14.0;
				MTL_ENABLE_DEBUG_INFO = NO;
				MTL_FAST_MATH = YES;
				SDKROOT = iphoneos;
				SWIFT_COMPILATION_MODE = wholemodule;
				SWIFT_OPTIMIZATION_LEVEL = "-O";
				VALIDATE_PRODUCT = YES;
			};
			name = "Release (QA)";
		};
		1FAC2C6826183CCD00638C59 /* Release (QA) */ = {
			isa = XCBuildConfiguration;
			baseConfigurationReference = 1FAC2C7F26183F1400638C59 /* QA.xcconfig */;
			buildSettings = {
				ASSETCATALOG_COMPILER_APPICON_NAME = "AppIcon${bundle_id_suffix}";
				ASSETCATALOG_COMPILER_GLOBAL_ACCENT_COLOR_NAME = AccentColor;
				CODE_SIGN_STYLE = Automatic;
				EXCLUDED_ARCHS = arm64;
				GCC_OPTIMIZATION_LEVEL = s;
				INFOPLIST_FILE = "Reward/Supporting Files/QA.plist";
				IPHONEOS_DEPLOYMENT_TARGET = 14.0;
				LD_RUNPATH_SEARCH_PATHS = (
					"$(inherited)",
					"@executable_path/Frameworks",
				);
				PRODUCT_BUNDLE_IDENTIFIER = com.kiprosh.Reward;
				PRODUCT_NAME = "$(TARGET_NAME)";
				SWIFT_VERSION = 5.0;
				TARGETED_DEVICE_FAMILY = "1,2";
				bundle_id_suffix = QA;
			};
			name = "Release (QA)";
		};
		1FAC2C6926183CCD00638C59 /* Release (QA) */ = {
			isa = XCBuildConfiguration;
			baseConfigurationReference = 1FAC2C7F26183F1400638C59 /* QA.xcconfig */;
			buildSettings = {
				ALWAYS_EMBED_SWIFT_STANDARD_LIBRARIES = YES;
				BUNDLE_LOADER = "$(TEST_HOST)";
				CODE_SIGN_STYLE = Automatic;
				INFOPLIST_FILE = RewardTests/Info.plist;
				IPHONEOS_DEPLOYMENT_TARGET = 14.3;
				LD_RUNPATH_SEARCH_PATHS = (
					"$(inherited)",
					"@executable_path/Frameworks",
					"@loader_path/Frameworks",
				);
				PRODUCT_BUNDLE_IDENTIFIER = com.kiprosh.RewardTests;
				PRODUCT_NAME = "$(TARGET_NAME)";
				SWIFT_VERSION = 5.0;
				TARGETED_DEVICE_FAMILY = "1,2";
				TEST_HOST = "$(BUILT_PRODUCTS_DIR)/Reward.app/Reward";
			};
			name = "Release (QA)";
		};
		1FAC2C6A26183CD500638C59 /* Release (Production) */ = {
			isa = XCBuildConfiguration;
			baseConfigurationReference = 1FAC2C7E26183F0300638C59 /* Production.xcconfig */;
			buildSettings = {
				ALWAYS_SEARCH_USER_PATHS = NO;
				CLANG_ANALYZER_NONNULL = YES;
				CLANG_ANALYZER_NUMBER_OBJECT_CONVERSION = YES_AGGRESSIVE;
				CLANG_CXX_LANGUAGE_STANDARD = "gnu++14";
				CLANG_CXX_LIBRARY = "libc++";
				CLANG_ENABLE_MODULES = YES;
				CLANG_ENABLE_OBJC_ARC = YES;
				CLANG_ENABLE_OBJC_WEAK = YES;
				CLANG_WARN_BLOCK_CAPTURE_AUTORELEASING = YES;
				CLANG_WARN_BOOL_CONVERSION = YES;
				CLANG_WARN_COMMA = YES;
				CLANG_WARN_CONSTANT_CONVERSION = YES;
				CLANG_WARN_DEPRECATED_OBJC_IMPLEMENTATIONS = YES;
				CLANG_WARN_DIRECT_OBJC_ISA_USAGE = YES_ERROR;
				CLANG_WARN_DOCUMENTATION_COMMENTS = YES;
				CLANG_WARN_EMPTY_BODY = YES;
				CLANG_WARN_ENUM_CONVERSION = YES;
				CLANG_WARN_INFINITE_RECURSION = YES;
				CLANG_WARN_INT_CONVERSION = YES;
				CLANG_WARN_NON_LITERAL_NULL_CONVERSION = YES;
				CLANG_WARN_OBJC_IMPLICIT_RETAIN_SELF = YES;
				CLANG_WARN_OBJC_LITERAL_CONVERSION = YES;
				CLANG_WARN_OBJC_ROOT_CLASS = YES_ERROR;
				CLANG_WARN_QUOTED_INCLUDE_IN_FRAMEWORK_HEADER = YES;
				CLANG_WARN_RANGE_LOOP_ANALYSIS = YES;
				CLANG_WARN_STRICT_PROTOTYPES = YES;
				CLANG_WARN_SUSPICIOUS_MOVE = YES;
				CLANG_WARN_UNGUARDED_AVAILABILITY = YES_AGGRESSIVE;
				CLANG_WARN_UNREACHABLE_CODE = YES;
				CLANG_WARN__DUPLICATE_METHOD_MATCH = YES;
				COPY_PHASE_STRIP = NO;
				DEBUG_INFORMATION_FORMAT = "dwarf-with-dsym";
				ENABLE_NS_ASSERTIONS = NO;
				ENABLE_STRICT_OBJC_MSGSEND = YES;
				GCC_C_LANGUAGE_STANDARD = gnu11;
				GCC_NO_COMMON_BLOCKS = YES;
				GCC_WARN_64_TO_32_BIT_CONVERSION = YES;
				GCC_WARN_ABOUT_RETURN_TYPE = YES_ERROR;
				GCC_WARN_UNDECLARED_SELECTOR = YES;
				GCC_WARN_UNINITIALIZED_AUTOS = YES_AGGRESSIVE;
				GCC_WARN_UNUSED_FUNCTION = YES;
				GCC_WARN_UNUSED_VARIABLE = YES;
				IPHONEOS_DEPLOYMENT_TARGET = 14.0;
				MTL_ENABLE_DEBUG_INFO = NO;
				MTL_FAST_MATH = YES;
				SDKROOT = iphoneos;
				SWIFT_COMPILATION_MODE = wholemodule;
				SWIFT_OPTIMIZATION_LEVEL = "-O";
				VALIDATE_PRODUCT = YES;
			};
			name = "Release (Production)";
		};
		1FAC2C6B26183CD500638C59 /* Release (Production) */ = {
			isa = XCBuildConfiguration;
			baseConfigurationReference = 1FAC2C7E26183F0300638C59 /* Production.xcconfig */;
			buildSettings = {
				ASSETCATALOG_COMPILER_APPICON_NAME = "AppIcon${bundle_id_suffix}";
				ASSETCATALOG_COMPILER_GLOBAL_ACCENT_COLOR_NAME = AccentColor;
				CODE_SIGN_STYLE = Automatic;
				EXCLUDED_ARCHS = arm64;
				GCC_OPTIMIZATION_LEVEL = s;
				INFOPLIST_FILE = "Reward/Supporting Files/Production.plist";
				IPHONEOS_DEPLOYMENT_TARGET = 14.0;
				LD_RUNPATH_SEARCH_PATHS = (
					"$(inherited)",
					"@executable_path/Frameworks",
				);
				PRODUCT_BUNDLE_IDENTIFIER = com.kiprosh.Reward;
				PRODUCT_NAME = "$(TARGET_NAME)";
				SWIFT_VERSION = 5.0;
				TARGETED_DEVICE_FAMILY = "1,2";
				bundle_id_suffix = "";
			};
			name = "Release (Production)";
		};
		1FAC2C6C26183CD500638C59 /* Release (Production) */ = {
			isa = XCBuildConfiguration;
			baseConfigurationReference = 1FAC2C7E26183F0300638C59 /* Production.xcconfig */;
			buildSettings = {
				ALWAYS_EMBED_SWIFT_STANDARD_LIBRARIES = YES;
				BUNDLE_LOADER = "$(TEST_HOST)";
				CODE_SIGN_STYLE = Automatic;
				INFOPLIST_FILE = RewardTests/Info.plist;
				IPHONEOS_DEPLOYMENT_TARGET = 14.3;
				LD_RUNPATH_SEARCH_PATHS = (
					"$(inherited)",
					"@executable_path/Frameworks",
					"@loader_path/Frameworks",
				);
				PRODUCT_BUNDLE_IDENTIFIER = com.kiprosh.RewardTests;
				PRODUCT_NAME = "$(TARGET_NAME)";
				SWIFT_VERSION = 5.0;
				TARGETED_DEVICE_FAMILY = "1,2";
				TEST_HOST = "$(BUILT_PRODUCTS_DIR)/Reward.app/Reward";
			};
			name = "Release (Production)";
		};
/* End XCBuildConfiguration section */

/* Begin XCConfigurationList section */
		1FAC2C052616EAE200638C59 /* Build configuration list for PBXProject "Reward" */ = {
			isa = XCConfigurationList;
			buildConfigurations = (
				1FAC2C332616EAE900638C59 /* Release (Dev) */,
				1FAC2C6A26183CD500638C59 /* Release (Production) */,
				1FAC2C6726183CCD00638C59 /* Release (QA) */,
				1FAC2C5E26183C9700638C59 /* Debug (Dev) */,
				1FAC2C6126183CA900638C59 /* Debug (QA) */,
				1FAC2C6426183CB300638C59 /* Debug (Production) */,
			);
			defaultConfigurationIsVisible = 0;
			defaultConfigurationName = "Debug (Dev)";
		};
		1FAC2C342616EAE900638C59 /* Build configuration list for PBXNativeTarget "Reward" */ = {
			isa = XCConfigurationList;
			buildConfigurations = (
				1FAC2C362616EAE900638C59 /* Release (Dev) */,
				1FAC2C6B26183CD500638C59 /* Release (Production) */,
				1FAC2C6826183CCD00638C59 /* Release (QA) */,
				1FAC2C5F26183C9700638C59 /* Debug (Dev) */,
				1FAC2C6226183CA900638C59 /* Debug (QA) */,
				1FAC2C6526183CB300638C59 /* Debug (Production) */,
			);
			defaultConfigurationIsVisible = 0;
			defaultConfigurationName = "Debug (Dev)";
		};
		1FAC2C372616EAE900638C59 /* Build configuration list for PBXNativeTarget "RewardTests" */ = {
			isa = XCConfigurationList;
			buildConfigurations = (
				1FAC2C392616EAE900638C59 /* Release (Dev) */,
				1FAC2C6C26183CD500638C59 /* Release (Production) */,
				1FAC2C6926183CCD00638C59 /* Release (QA) */,
				1FAC2C6026183C9700638C59 /* Debug (Dev) */,
				1FAC2C6326183CA900638C59 /* Debug (QA) */,
				1FAC2C6626183CB300638C59 /* Debug (Production) */,
			);
			defaultConfigurationIsVisible = 0;
			defaultConfigurationName = "Debug (Dev)";
		};
/* End XCConfigurationList section */
	};
	rootObject = 1FAC2C022616EAE200638C59 /* Project object */;
}
